// !$*UTF8*$!
{
	archiveVersion = 1;
	classes = {
	};
	objectVersion = 51;
	objects = {

/* Begin PBXBuildFile section */
		CE1ADA9522249F1600E89714 /* Data+RustBuffer.swift in Sources */ = {isa = PBXBuildFile; fileRef = CE1ADA9422249F1600E89714 /* Data+RustBuffer.swift */; };
		CE2F4D42220E0014001ECF92 /* fxa_msg_types.proto in Sources */ = {isa = PBXBuildFile; fileRef = CE2F4D41220E0014001ECF92 /* fxa_msg_types.proto */; };
		CE3E9D3520A36B63001B4B14 /* libfxaclient_ffi.a in Frameworks */ = {isa = PBXBuildFile; fileRef = CE7B4B8A20A36B0500FC4422 /* libfxaclient_ffi.a */; };
		CE9D203120914D2600F1C8FA /* FirefoxAccount.swift in Sources */ = {isa = PBXBuildFile; fileRef = CE9D202B20914D2600F1C8FA /* FirefoxAccount.swift */; };
		CEBACFC4220E22C80078D41C /* SwiftProtobuf.framework in Frameworks */ = {isa = PBXBuildFile; fileRef = CEBACFC3220E22C80078D41C /* SwiftProtobuf.framework */; };
		CEE1087620C5ADF9007048AC /* FxAError.swift in Sources */ = {isa = PBXBuildFile; fileRef = CEE1087520C5ADF9007048AC /* FxAError.swift */; };
		D05434A92256834A00FDE4EF /* FxAClient.h in Headers */ = {isa = PBXBuildFile; fileRef = CE9D202320914D0D00F1C8FA /* FxAClient.h */; settings = {ATTRIBUTES = (Public, ); }; };
		D05434AA2256834C00FDE4EF /* RustFxAFFI.h in Headers */ = {isa = PBXBuildFile; fileRef = CE9D202F20914D2600F1C8FA /* RustFxAFFI.h */; settings = {ATTRIBUTES = (Public, ); }; };
		EBE26B42220B3DF700D1D99A /* String+Free_FxAClient.swift in Sources */ = {isa = PBXBuildFile; fileRef = EBE26B41220B3DF700D1D99A /* String+Free_FxAClient.swift */; };
		EBE26B49220B4D0200D1D99A /* CommonErrors.swift in Sources */ = {isa = PBXBuildFile; fileRef = EBE26B48220B4D0200D1D99A /* CommonErrors.swift */; };
/* End PBXBuildFile section */

/* Begin PBXBuildRule section */
		CE2F4D40220DFF7B001ECF92 /* PBXBuildRule */ = {
			isa = PBXBuildRule;
			compilerSpec = com.apple.compilers.proxy.script;
			filePatterns = "*.proto";
			fileType = pattern.proxy;
			isEditable = 1;
			outputFiles = (
				"$(DERIVED_FILE_DIR)/$(INPUT_FILE_BASE).pb.swift",
			);
			script = "protoc --proto_path=$INPUT_FILE_DIR --swift_out=$DERIVED_FILE_DIR $INPUT_FILE_PATH\n";
		};
/* End PBXBuildRule section */

/* Begin PBXFileReference section */
		CE1ADA9422249F1600E89714 /* Data+RustBuffer.swift */ = {isa = PBXFileReference; lastKnownFileType = sourcecode.swift; path = "Data+RustBuffer.swift"; sourceTree = "<group>"; };
		CE2F4D41220E0014001ECF92 /* fxa_msg_types.proto */ = {isa = PBXFileReference; lastKnownFileType = sourcecode.protobuf; name = fxa_msg_types.proto; path = ../src/fxa_msg_types.proto; sourceTree = "<group>"; };
		CE7B4B8A20A36B0500FC4422 /* libfxaclient_ffi.a */ = {isa = PBXFileReference; lastKnownFileType = archive.ar; name = libfxaclient_ffi.a; path = ../../../target/universal/debug/libfxaclient_ffi.a; sourceTree = "<group>"; };
		CE9D202020914D0D00F1C8FA /* FxAClient.framework */ = {isa = PBXFileReference; explicitFileType = wrapper.framework; includeInIndex = 0; path = FxAClient.framework; sourceTree = BUILT_PRODUCTS_DIR; };
		CE9D202320914D0D00F1C8FA /* FxAClient.h */ = {isa = PBXFileReference; lastKnownFileType = sourcecode.c.h; path = FxAClient.h; sourceTree = "<group>"; };
		CE9D202420914D0D00F1C8FA /* Info.plist */ = {isa = PBXFileReference; lastKnownFileType = text.plist.xml; path = Info.plist; sourceTree = "<group>"; };
		CE9D202B20914D2600F1C8FA /* FirefoxAccount.swift */ = {isa = PBXFileReference; fileEncoding = 4; lastKnownFileType = sourcecode.swift; path = FirefoxAccount.swift; sourceTree = "<group>"; };
		CE9D202F20914D2600F1C8FA /* RustFxAFFI.h */ = {isa = PBXFileReference; fileEncoding = 4; lastKnownFileType = sourcecode.c.h; path = RustFxAFFI.h; sourceTree = "<group>"; };
		CEBACFC3220E22C80078D41C /* SwiftProtobuf.framework */ = {isa = PBXFileReference; lastKnownFileType = wrapper.framework; name = SwiftProtobuf.framework; path = ../../../Carthage/Build/iOS/SwiftProtobuf.framework; sourceTree = "<group>"; };
		CEE1087520C5ADF9007048AC /* FxAError.swift */ = {isa = PBXFileReference; lastKnownFileType = sourcecode.swift; path = FxAError.swift; sourceTree = "<group>"; };
		EBA8770921F5FD5D004F63F0 /* base.xcconfig */ = {isa = PBXFileReference; fileEncoding = 4; lastKnownFileType = text.xcconfig; path = base.xcconfig; sourceTree = "<group>"; };
		EBA8770A21F5FD5D004F63F0 /* debug.xcconfig */ = {isa = PBXFileReference; fileEncoding = 4; lastKnownFileType = text.xcconfig; path = debug.xcconfig; sourceTree = "<group>"; };
		EBA8770B21F5FD5D004F63F0 /* release.xcconfig */ = {isa = PBXFileReference; fileEncoding = 4; lastKnownFileType = text.xcconfig; path = release.xcconfig; sourceTree = "<group>"; };
		EBE26B41220B3DF700D1D99A /* String+Free_FxAClient.swift */ = {isa = PBXFileReference; fileEncoding = 4; lastKnownFileType = sourcecode.swift; path = "String+Free_FxAClient.swift"; sourceTree = "<group>"; };
		EBE26B48220B4D0200D1D99A /* CommonErrors.swift */ = {isa = PBXFileReference; fileEncoding = 4; lastKnownFileType = sourcecode.swift; name = CommonErrors.swift; path = ../../../../support/ios/CommonErrors.swift; sourceTree = "<group>"; };
/* End PBXFileReference section */

/* Begin PBXFrameworksBuildPhase section */
		CE9D201C20914D0D00F1C8FA /* Frameworks */ = {
			isa = PBXFrameworksBuildPhase;
			buildActionMask = 2147483647;
			files = (
				CEBACFC4220E22C80078D41C /* SwiftProtobuf.framework in Frameworks */,
				CE3E9D3520A36B63001B4B14 /* libfxaclient_ffi.a in Frameworks */,
			);
			runOnlyForDeploymentPostprocessing = 0;
		};
/* End PBXFrameworksBuildPhase section */

/* Begin PBXGroup section */
		CE9D201620914D0D00F1C8FA = {
			isa = PBXGroup;
			children = (
				CE2F4D41220E0014001ECF92 /* fxa_msg_types.proto */,
				EBA8770921F5FD5D004F63F0 /* base.xcconfig */,
				EBA8770A21F5FD5D004F63F0 /* debug.xcconfig */,
				EBA8770B21F5FD5D004F63F0 /* release.xcconfig */,
				CE9D202220914D0D00F1C8FA /* FxAClient */,
				CE9D202120914D0D00F1C8FA /* Products */,
				CE9D203720914D4800F1C8FA /* Frameworks */,
			);
			sourceTree = "<group>";
		};
		CE9D202120914D0D00F1C8FA /* Products */ = {
			isa = PBXGroup;
			children = (
				CE9D202020914D0D00F1C8FA /* FxAClient.framework */,
			);
			name = Products;
			sourceTree = "<group>";
		};
		CE9D202220914D0D00F1C8FA /* FxAClient */ = {
			isa = PBXGroup;
			children = (
				CECB395120B5B77E00DB3ED4 /* Errors */,
				CECB394F20B5B77E00DB3ED4 /* Extensions */,
				CE9D202320914D0D00F1C8FA /* FxAClient.h */,
				CE9D202420914D0D00F1C8FA /* Info.plist */,
				CE9D202B20914D2600F1C8FA /* FirefoxAccount.swift */,
				CE9D202F20914D2600F1C8FA /* RustFxAFFI.h */,
			);
			path = FxAClient;
			sourceTree = "<group>";
		};
		CE9D203720914D4800F1C8FA /* Frameworks */ = {
			isa = PBXGroup;
			children = (
				CEBACFC3220E22C80078D41C /* SwiftProtobuf.framework */,
				CE7B4B8A20A36B0500FC4422 /* libfxaclient_ffi.a */,
			);
			name = Frameworks;
			sourceTree = "<group>";
		};
		CECB394F20B5B77E00DB3ED4 /* Extensions */ = {
			isa = PBXGroup;
			children = (
				CE1ADA9422249F1600E89714 /* Data+RustBuffer.swift */,
				EBE26B41220B3DF700D1D99A /* String+Free_FxAClient.swift */,
			);
			path = Extensions;
			sourceTree = "<group>";
		};
		CECB395120B5B77E00DB3ED4 /* Errors */ = {
			isa = PBXGroup;
			children = (
				EBE26B48220B4D0200D1D99A /* CommonErrors.swift */,
				CEE1087520C5ADF9007048AC /* FxAError.swift */,
			);
			path = Errors;
			sourceTree = "<group>";
		};
/* End PBXGroup section */

/* Begin PBXHeadersBuildPhase section */
		CE9D201D20914D0D00F1C8FA /* Headers */ = {
			isa = PBXHeadersBuildPhase;
			buildActionMask = 2147483647;
			files = (
				D05434A92256834A00FDE4EF /* FxAClient.h in Headers */,
				D05434AA2256834C00FDE4EF /* RustFxAFFI.h in Headers */,
			);
			runOnlyForDeploymentPostprocessing = 0;
		};
/* End PBXHeadersBuildPhase section */

/* Begin PBXNativeTarget section */
		CE9D201F20914D0D00F1C8FA /* FxAClient */ = {
			isa = PBXNativeTarget;
			buildConfigurationList = CE9D202820914D0D00F1C8FA /* Build configuration list for PBXNativeTarget "FxAClient" */;
			buildPhases = (
				CEEA12EF20AA1D630018998A /* ShellScript */,
				CE9D201B20914D0D00F1C8FA /* Sources */,
				CE9D201C20914D0D00F1C8FA /* Frameworks */,
				CE9D201D20914D0D00F1C8FA /* Headers */,
				CE9D201E20914D0D00F1C8FA /* Resources */,
			);
			buildRules = (
				CE2F4D40220DFF7B001ECF92 /* PBXBuildRule */,
			);
			dependencies = (
			);
			name = FxAClient;
			productName = FxAClient;
			productReference = CE9D202020914D0D00F1C8FA /* FxAClient.framework */;
			productType = "com.apple.product-type.framework";
		};
/* End PBXNativeTarget section */

/* Begin PBXProject section */
		CE9D201720914D0D00F1C8FA /* Project object */ = {
			isa = PBXProject;
			attributes = {
				LastUpgradeCheck = 0930;
				ORGANIZATIONNAME = Mozilla;
				TargetAttributes = {
					CE9D201F20914D0D00F1C8FA = {
						CreatedOnToolsVersion = 9.3;
						LastSwiftMigration = 0930;
					};
				};
			};
			buildConfigurationList = CE9D201A20914D0D00F1C8FA /* Build configuration list for PBXProject "FxAClient" */;
			compatibilityVersion = "Xcode 10.0";
			developmentRegion = en;
			hasScannedForEncodings = 0;
			knownRegions = (
				en,
			);
			mainGroup = CE9D201620914D0D00F1C8FA;
			productRefGroup = CE9D202120914D0D00F1C8FA /* Products */;
			projectDirPath = "";
			projectRoot = "";
			targets = (
				CE9D201F20914D0D00F1C8FA /* FxAClient */,
			);
		};
/* End PBXProject section */

/* Begin PBXResourcesBuildPhase section */
		CE9D201E20914D0D00F1C8FA /* Resources */ = {
			isa = PBXResourcesBuildPhase;
			buildActionMask = 2147483647;
			files = (
			);
			runOnlyForDeploymentPostprocessing = 0;
		};
/* End PBXResourcesBuildPhase section */

/* Begin PBXShellScriptBuildPhase section */
		CEEA12EF20AA1D630018998A /* ShellScript */ = {
			isa = PBXShellScriptBuildPhase;
			buildActionMask = 2147483647;
			files = (
			);
			inputPaths = (
			);
			outputPaths = (
			);
			runOnlyForDeploymentPostprocessing = 0;
			shellPath = /bin/sh;
			shellScript = "bash $PWD/../../../build-scripts/xc-universal-binary.sh libfxaclient_ffi.a fxaclient_ffi $PWD/../../.. $buildvariant\n\n";
		};
/* End PBXShellScriptBuildPhase section */

/* Begin PBXSourcesBuildPhase section */
		CE9D201B20914D0D00F1C8FA /* Sources */ = {
			isa = PBXSourcesBuildPhase;
			buildActionMask = 2147483647;
			files = (
				CE2F4D42220E0014001ECF92 /* fxa_msg_types.proto in Sources */,
				CE1ADA9522249F1600E89714 /* Data+RustBuffer.swift in Sources */,
				EBE26B42220B3DF700D1D99A /* String+Free_FxAClient.swift in Sources */,
				EBE26B49220B4D0200D1D99A /* CommonErrors.swift in Sources */,
				CE9D203120914D2600F1C8FA /* FirefoxAccount.swift in Sources */,
				CEE1087620C5ADF9007048AC /* FxAError.swift in Sources */,
			);
			runOnlyForDeploymentPostprocessing = 0;
		};
/* End PBXSourcesBuildPhase section */

/* Begin XCBuildConfiguration section */
		CE9D202620914D0D00F1C8FA /* Debug */ = {
			isa = XCBuildConfiguration;
			buildSettings = {
			};
			name = Debug;
		};
		CE9D202720914D0D00F1C8FA /* Release */ = {
			isa = XCBuildConfiguration;
			buildSettings = {
			};
			name = Release;
		};
		CE9D202920914D0D00F1C8FA /* Debug */ = {
			isa = XCBuildConfiguration;
			baseConfigurationReference = EBA8770A21F5FD5D004F63F0 /* debug.xcconfig */;
			buildSettings = {
				PRODUCT_BUNDLE_IDENTIFIER = org.mozilla.FxAClient;
			};
			name = Debug;
		};
		CE9D202A20914D0D00F1C8FA /* Release */ = {
			isa = XCBuildConfiguration;
			baseConfigurationReference = EBA8770B21F5FD5D004F63F0 /* release.xcconfig */;
			buildSettings = {
				PRODUCT_BUNDLE_IDENTIFIER = org.mozilla.FxAClient;
			};
			name = Release;
		};
/* End XCBuildConfiguration section */

/* Begin XCConfigurationList section */
		CE9D201A20914D0D00F1C8FA /* Build configuration list for PBXProject "FxAClient" */ = {
			isa = XCConfigurationList;
			buildConfigurations = (
				CE9D202620914D0D00F1C8FA /* Debug */,
				CE9D202720914D0D00F1C8FA /* Release */,
			);
			defaultConfigurationIsVisible = 0;
			defaultConfigurationName = Release;
		};
		CE9D202820914D0D00F1C8FA /* Build configuration list for PBXNativeTarget "FxAClient" */ = {
			isa = XCConfigurationList;
			buildConfigurations = (
				CE9D202920914D0D00F1C8FA /* Debug */,
				CE9D202A20914D0D00F1C8FA /* Release */,
			);
			defaultConfigurationIsVisible = 0;
			defaultConfigurationName = Release;
		};
/* End XCConfigurationList section */
	};
	rootObject = CE9D201720914D0D00F1C8FA /* Project object */;
}
