// !$*UTF8*$!
{
	archiveVersion = 1;
	classes = {
	};
	objectVersion = 51;
	objects = {

/* Begin PBXBuildFile section */
		CD07594C2235A20E0018A071 /* SwiftProtobuf.framework in Frameworks */ = {isa = PBXBuildFile; fileRef = CD07594B2235A20E0018A071 /* SwiftProtobuf.framework */; };
		CD440A3D22387FE0003F004B /* SwiftProtobuf.framework in Frameworks */ = {isa = PBXBuildFile; fileRef = CD07594B2235A20E0018A071 /* SwiftProtobuf.framework */; };
		CD440A412238833A003F004B /* SwiftProtobuf.framework in CopyFiles */ = {isa = PBXBuildFile; fileRef = CD07594B2235A20E0018A071 /* SwiftProtobuf.framework */; settings = {ATTRIBUTES = (CodeSignOnCopy, RemoveHeadersOnCopy, ); }; };
		CDADF0162235CFF700AA3E5C /* String+Free_Places.swift in Sources */ = {isa = PBXBuildFile; fileRef = CDADF0152235CFF700AA3E5C /* String+Free_Places.swift */; };
		CDADF0182235D33900AA3E5C /* Places.swift in Sources */ = {isa = PBXBuildFile; fileRef = CDADF0172235D33900AA3E5C /* Places.swift */; };
		CDADF01A2235D35B00AA3E5C /* Data+PlacesRustBuffer.swift in Sources */ = {isa = PBXBuildFile; fileRef = CDADF0192235D35B00AA3E5C /* Data+PlacesRustBuffer.swift */; };
		CDADF01C2235E4FE00AA3E5C /* Bookmark.swift in Sources */ = {isa = PBXBuildFile; fileRef = CDADF01B2235E4FE00AA3E5C /* Bookmark.swift */; };
		CDADF01E2235FAF600AA3E5C /* places_msg_types.proto in Sources */ = {isa = PBXBuildFile; fileRef = CDADF01D2235FAF600AA3E5C /* places_msg_types.proto */; };
		CEE1087620C5ADF9007048AC /* PlacesError.swift in Sources */ = {isa = PBXBuildFile; fileRef = CEE1087520C5ADF9007048AC /* PlacesError.swift */; };
		D05434AB2256921000FDE4EF /* Places.h in Headers */ = {isa = PBXBuildFile; fileRef = CE9D202320914D0D00F1C8FA /* Places.h */; settings = {ATTRIBUTES = (Public, ); }; };
		D05434AC2256921700FDE4EF /* RustPlacesAPI.h in Headers */ = {isa = PBXBuildFile; fileRef = CDFA91ED2153568E0074CABF /* RustPlacesAPI.h */; settings = {ATTRIBUTES = (Public, ); }; };
		D819A4A821B861D6004EE6F3 /* libplaces_ffi.a in Frameworks */ = {isa = PBXBuildFile; fileRef = D819A4A721B861D6004EE6F3 /* libplaces_ffi.a */; };
		D819A4AF21B87468004EE6F3 /* libsqlcipher.a in Frameworks */ = {isa = PBXBuildFile; fileRef = D819A4AE21B87467004EE6F3 /* libsqlcipher.a */; };
		EB348E432204EA0C00788CD3 /* PlacesTests.swift in Sources */ = {isa = PBXBuildFile; fileRef = EB348E422204EA0C00788CD3 /* PlacesTests.swift */; };
		EB348E452204EA0C00788CD3 /* Places.framework in Frameworks */ = {isa = PBXBuildFile; fileRef = CE9D202020914D0D00F1C8FA /* Places.framework */; };
		EBE26B47220B4CE400D1D99A /* CommonErrors.swift in Sources */ = {isa = PBXBuildFile; fileRef = EBE26B46220B4CE400D1D99A /* CommonErrors.swift */; };
/* End PBXBuildFile section */

/* Begin PBXBuildRule section */
		CD07594F2235A3EB0018A071 /* PBXBuildRule */ = {
			isa = PBXBuildRule;
			compilerSpec = com.apple.compilers.proxy.script;
			filePatterns = "*.proto";
			fileType = pattern.proxy;
			isEditable = 1;
			outputFiles = (
				"$(DERIVED_FILE_DIR)/$(INPUT_FILE_BASE).pb.swift",
			);
			script = "protoc --proto_path=$INPUT_FILE_DIR --swift_out=$DERIVED_FILE_DIR $INPUT_FILE_PATH\n";
		};
/* End PBXBuildRule section */

/* Begin PBXContainerItemProxy section */
		EB348E462204EA0C00788CD3 /* PBXContainerItemProxy */ = {
			isa = PBXContainerItemProxy;
			containerPortal = CE9D201720914D0D00F1C8FA /* Project object */;
			proxyType = 1;
			remoteGlobalIDString = CE9D201F20914D0D00F1C8FA;
			remoteInfo = Logins;
		};
/* End PBXContainerItemProxy section */

/* Begin PBXCopyFilesBuildPhase section */
		CD440A402238832F003F004B /* CopyFiles */ = {
			isa = PBXCopyFilesBuildPhase;
			buildActionMask = 2147483647;
			dstPath = "";
			dstSubfolderSpec = 10;
			files = (
				CD440A412238833A003F004B /* SwiftProtobuf.framework in CopyFiles */,
			);
			runOnlyForDeploymentPostprocessing = 0;
		};
/* End PBXCopyFilesBuildPhase section */

/* Begin PBXFileReference section */
		CD07594B2235A20E0018A071 /* SwiftProtobuf.framework */ = {isa = PBXFileReference; lastKnownFileType = wrapper.framework; name = SwiftProtobuf.framework; path = ../../../Carthage/Build/iOS/SwiftProtobuf.framework; sourceTree = "<group>"; };
		CDADF0152235CFF700AA3E5C /* String+Free_Places.swift */ = {isa = PBXFileReference; lastKnownFileType = sourcecode.swift; path = "String+Free_Places.swift"; sourceTree = "<group>"; };
		CDADF0172235D33900AA3E5C /* Places.swift */ = {isa = PBXFileReference; lastKnownFileType = sourcecode.swift; path = Places.swift; sourceTree = "<group>"; };
		CDADF0192235D35B00AA3E5C /* Data+PlacesRustBuffer.swift */ = {isa = PBXFileReference; lastKnownFileType = sourcecode.swift; path = "Data+PlacesRustBuffer.swift"; sourceTree = "<group>"; };
		CDADF01B2235E4FE00AA3E5C /* Bookmark.swift */ = {isa = PBXFileReference; lastKnownFileType = sourcecode.swift; path = Bookmark.swift; sourceTree = "<group>"; };
		CDADF01D2235FAF600AA3E5C /* places_msg_types.proto */ = {isa = PBXFileReference; fileEncoding = 4; lastKnownFileType = sourcecode.protobuf; name = places_msg_types.proto; path = ../src/places_msg_types.proto; sourceTree = "<group>"; };
		CDFA91ED2153568E0074CABF /* RustPlacesAPI.h */ = {isa = PBXFileReference; fileEncoding = 4; lastKnownFileType = sourcecode.c.h; path = RustPlacesAPI.h; sourceTree = "<group>"; };
		CE9D202020914D0D00F1C8FA /* Places.framework */ = {isa = PBXFileReference; explicitFileType = wrapper.framework; includeInIndex = 0; path = Places.framework; sourceTree = BUILT_PRODUCTS_DIR; };
		CE9D202320914D0D00F1C8FA /* Places.h */ = {isa = PBXFileReference; lastKnownFileType = sourcecode.c.h; path = Places.h; sourceTree = "<group>"; };
		CE9D202420914D0D00F1C8FA /* Info.plist */ = {isa = PBXFileReference; lastKnownFileType = text.plist.xml; path = Info.plist; sourceTree = "<group>"; };
		CEE1087520C5ADF9007048AC /* PlacesError.swift */ = {isa = PBXFileReference; lastKnownFileType = sourcecode.swift; path = PlacesError.swift; sourceTree = "<group>"; };
		D819A4A721B861D6004EE6F3 /* libplaces_ffi.a */ = {isa = PBXFileReference; lastKnownFileType = archive.ar; name = libplaces_ffi.a; path = ../../../target/universal/release/libplaces_ffi.a; sourceTree = "<group>"; };
		D819A4AE21B87467004EE6F3 /* libsqlcipher.a */ = {isa = PBXFileReference; lastKnownFileType = archive.ar; name = libsqlcipher.a; path = ../../../libs/ios/universal/sqlcipher/lib/libsqlcipher.a; sourceTree = "<group>"; };
		EB348E402204EA0C00788CD3 /* PlacesTests.xctest */ = {isa = PBXFileReference; explicitFileType = wrapper.cfbundle; includeInIndex = 0; path = PlacesTests.xctest; sourceTree = BUILT_PRODUCTS_DIR; };
		EB348E422204EA0C00788CD3 /* PlacesTests.swift */ = {isa = PBXFileReference; lastKnownFileType = sourcecode.swift; path = PlacesTests.swift; sourceTree = "<group>"; };
		EB348E442204EA0C00788CD3 /* Info.plist */ = {isa = PBXFileReference; lastKnownFileType = text.plist.xml; path = Info.plist; sourceTree = "<group>"; };
		EBA8770621F5FB9A004F63F0 /* base.xcconfig */ = {isa = PBXFileReference; lastKnownFileType = text.xcconfig; path = base.xcconfig; sourceTree = "<group>"; };
		EBA8770721F5FB9A004F63F0 /* debug.xcconfig */ = {isa = PBXFileReference; lastKnownFileType = text.xcconfig; path = debug.xcconfig; sourceTree = "<group>"; };
		EBA8770821F5FB9A004F63F0 /* release.xcconfig */ = {isa = PBXFileReference; lastKnownFileType = text.xcconfig; path = release.xcconfig; sourceTree = "<group>"; };
		EBE26B46220B4CE400D1D99A /* CommonErrors.swift */ = {isa = PBXFileReference; fileEncoding = 4; lastKnownFileType = sourcecode.swift; name = CommonErrors.swift; path = ../../../../support/ios/CommonErrors.swift; sourceTree = "<group>"; };
/* End PBXFileReference section */

/* Begin PBXFrameworksBuildPhase section */
		CE9D201C20914D0D00F1C8FA /* Frameworks */ = {
			isa = PBXFrameworksBuildPhase;
			buildActionMask = 2147483647;
			files = (
				CD07594C2235A20E0018A071 /* SwiftProtobuf.framework in Frameworks */,
				D819A4AF21B87468004EE6F3 /* libsqlcipher.a in Frameworks */,
				D819A4A821B861D6004EE6F3 /* libplaces_ffi.a in Frameworks */,
			);
			runOnlyForDeploymentPostprocessing = 0;
		};
		EB348E3D2204EA0C00788CD3 /* Frameworks */ = {
			isa = PBXFrameworksBuildPhase;
			buildActionMask = 2147483647;
			files = (
				CD440A3D22387FE0003F004B /* SwiftProtobuf.framework in Frameworks */,
				EB348E452204EA0C00788CD3 /* Places.framework in Frameworks */,
			);
			runOnlyForDeploymentPostprocessing = 0;
		};
/* End PBXFrameworksBuildPhase section */

/* Begin PBXGroup section */
		CE9D201620914D0D00F1C8FA = {
			isa = PBXGroup;
			children = (
				CDADF01D2235FAF600AA3E5C /* places_msg_types.proto */,
				EBA8770621F5FB9A004F63F0 /* base.xcconfig */,
				EBA8770721F5FB9A004F63F0 /* debug.xcconfig */,
				EBA8770821F5FB9A004F63F0 /* release.xcconfig */,
				CE9D202220914D0D00F1C8FA /* Places */,
				EB348E412204EA0C00788CD3 /* PlacesTests */,
				CE9D202120914D0D00F1C8FA /* Products */,
				CE9D203720914D4800F1C8FA /* Frameworks */,
			);
			sourceTree = "<group>";
		};
		CE9D202120914D0D00F1C8FA /* Products */ = {
			isa = PBXGroup;
			children = (
				CE9D202020914D0D00F1C8FA /* Places.framework */,
				EB348E402204EA0C00788CD3 /* PlacesTests.xctest */,
			);
			name = Products;
			sourceTree = "<group>";
		};
		CE9D202220914D0D00F1C8FA /* Places */ = {
			isa = PBXGroup;
			children = (
				CECB395120B5B77E00DB3ED4 /* Errors */,
				CECB394F20B5B77E00DB3ED4 /* Extensions */,
				CE9D202320914D0D00F1C8FA /* Places.h */,
				CDFA91ED2153568E0074CABF /* RustPlacesAPI.h */,
				CE9D202420914D0D00F1C8FA /* Info.plist */,
				CDADF0172235D33900AA3E5C /* Places.swift */,
				CDADF01B2235E4FE00AA3E5C /* Bookmark.swift */,
			);
			path = Places;
			sourceTree = "<group>";
		};
		CE9D203720914D4800F1C8FA /* Frameworks */ = {
			isa = PBXGroup;
			children = (
				CD07594B2235A20E0018A071 /* SwiftProtobuf.framework */,
				D819A4AE21B87467004EE6F3 /* libsqlcipher.a */,
				D819A4A721B861D6004EE6F3 /* libplaces_ffi.a */,
			);
			name = Frameworks;
			sourceTree = "<group>";
		};
		CECB394F20B5B77E00DB3ED4 /* Extensions */ = {
			isa = PBXGroup;
			children = (
				CDADF0152235CFF700AA3E5C /* String+Free_Places.swift */,
				CDADF0192235D35B00AA3E5C /* Data+PlacesRustBuffer.swift */,
			);
			path = Extensions;
			sourceTree = "<group>";
		};
		CECB395120B5B77E00DB3ED4 /* Errors */ = {
			isa = PBXGroup;
			children = (
				EBE26B46220B4CE400D1D99A /* CommonErrors.swift */,
				CEE1087520C5ADF9007048AC /* PlacesError.swift */,
			);
			path = Errors;
			sourceTree = "<group>";
		};
		EB348E412204EA0C00788CD3 /* PlacesTests */ = {
			isa = PBXGroup;
			children = (
				EB348E422204EA0C00788CD3 /* PlacesTests.swift */,
				EB348E442204EA0C00788CD3 /* Info.plist */,
			);
			path = PlacesTests;
			sourceTree = "<group>";
		};
/* End PBXGroup section */

/* Begin PBXHeadersBuildPhase section */
		CE9D201D20914D0D00F1C8FA /* Headers */ = {
			isa = PBXHeadersBuildPhase;
			buildActionMask = 2147483647;
			files = (
				D05434AB2256921000FDE4EF /* Places.h in Headers */,
				D05434AC2256921700FDE4EF /* RustPlacesAPI.h in Headers */,
			);
			runOnlyForDeploymentPostprocessing = 0;
		};
		D05434A62256832100FDE4EF /* Headers */ = {
			isa = PBXHeadersBuildPhase;
			buildActionMask = 2147483647;
			files = (
			);
			runOnlyForDeploymentPostprocessing = 0;
		};
/* End PBXHeadersBuildPhase section */

/* Begin PBXNativeTarget section */
		CE9D201F20914D0D00F1C8FA /* Places */ = {
			isa = PBXNativeTarget;
			buildConfigurationList = CE9D202820914D0D00F1C8FA /* Build configuration list for PBXNativeTarget "Places" */;
			buildPhases = (
				CEEA12EF20AA1D630018998A /* ShellScript */,
				CE9D201B20914D0D00F1C8FA /* Sources */,
				CE9D201C20914D0D00F1C8FA /* Frameworks */,
				CE9D201D20914D0D00F1C8FA /* Headers */,
				CE9D201E20914D0D00F1C8FA /* Resources */,
			);
			buildRules = (
				CD07594F2235A3EB0018A071 /* PBXBuildRule */,
			);
			dependencies = (
			);
			name = Places;
			productName = Logins;
			productReference = CE9D202020914D0D00F1C8FA /* Places.framework */;
			productType = "com.apple.product-type.framework";
		};
		EB348E3F2204EA0C00788CD3 /* PlacesTests */ = {
			isa = PBXNativeTarget;
			buildConfigurationList = EB348E4A2204EA0C00788CD3 /* Build configuration list for PBXNativeTarget "PlacesTests" */;
			buildPhases = (
				EB348E3C2204EA0C00788CD3 /* Sources */,
				EB348E3D2204EA0C00788CD3 /* Frameworks */,
				EB348E3E2204EA0C00788CD3 /* Resources */,
				D05434A62256832100FDE4EF /* Headers */,
				CD440A402238832F003F004B /* CopyFiles */,
			);
			buildRules = (
			);
			dependencies = (
				EB348E472204EA0C00788CD3 /* PBXTargetDependency */,
			);
			name = PlacesTests;
			productName = PlacesTests;
			productReference = EB348E402204EA0C00788CD3 /* PlacesTests.xctest */;
			productType = "com.apple.product-type.bundle.unit-test";
		};
/* End PBXNativeTarget section */

/* Begin PBXProject section */
		CE9D201720914D0D00F1C8FA /* Project object */ = {
			isa = PBXProject;
			attributes = {
				LastSwiftUpdateCheck = 1020;
				LastUpgradeCheck = 1010;
				ORGANIZATIONNAME = Mozilla;
				TargetAttributes = {
					CE9D201F20914D0D00F1C8FA = {
						CreatedOnToolsVersion = 9.3;
						LastSwiftMigration = 0930;
					};
					EB348E3F2204EA0C00788CD3 = {
						CreatedOnToolsVersion = 10.2;
					};
				};
			};
			buildConfigurationList = CE9D201A20914D0D00F1C8FA /* Build configuration list for PBXProject "Places" */;
			compatibilityVersion = "Xcode 10.0";
			developmentRegion = en;
			hasScannedForEncodings = 0;
			knownRegions = (
				en,
			);
			mainGroup = CE9D201620914D0D00F1C8FA;
			productRefGroup = CE9D202120914D0D00F1C8FA /* Products */;
			projectDirPath = "";
			projectRoot = "";
			targets = (
				CE9D201F20914D0D00F1C8FA /* Places */,
				EB348E3F2204EA0C00788CD3 /* PlacesTests */,
			);
		};
/* End PBXProject section */

/* Begin PBXResourcesBuildPhase section */
		CE9D201E20914D0D00F1C8FA /* Resources */ = {
			isa = PBXResourcesBuildPhase;
			buildActionMask = 2147483647;
			files = (
			);
			runOnlyForDeploymentPostprocessing = 0;
		};
		EB348E3E2204EA0C00788CD3 /* Resources */ = {
			isa = PBXResourcesBuildPhase;
			buildActionMask = 2147483647;
			files = (
			);
			runOnlyForDeploymentPostprocessing = 0;
		};
/* End PBXResourcesBuildPhase section */

/* Begin PBXShellScriptBuildPhase section */
		CEEA12EF20AA1D630018998A /* ShellScript */ = {
			isa = PBXShellScriptBuildPhase;
			buildActionMask = 2147483647;
			files = (
			);
			inputPaths = (
			);
			outputPaths = (
			);
			runOnlyForDeploymentPostprocessing = 0;
			shellPath = /bin/sh;
			shellScript = "bash $PWD/../../../build-scripts/xc-universal-binary.sh libplaces_ffi.a places-ffi $PWD/../../.. $buildvariant\n";
		};
/* End PBXShellScriptBuildPhase section */

/* Begin PBXSourcesBuildPhase section */
		CE9D201B20914D0D00F1C8FA /* Sources */ = {
			isa = PBXSourcesBuildPhase;
			buildActionMask = 2147483647;
			files = (
				CDADF01E2235FAF600AA3E5C /* places_msg_types.proto in Sources */,
				EBE26B47220B4CE400D1D99A /* CommonErrors.swift in Sources */,
				CDADF0162235CFF700AA3E5C /* String+Free_Places.swift in Sources */,
				CDADF0182235D33900AA3E5C /* Places.swift in Sources */,
				CEE1087620C5ADF9007048AC /* PlacesError.swift in Sources */,
				CDADF01C2235E4FE00AA3E5C /* Bookmark.swift in Sources */,
				CDADF01A2235D35B00AA3E5C /* Data+PlacesRustBuffer.swift in Sources */,
			);
			runOnlyForDeploymentPostprocessing = 0;
		};
		EB348E3C2204EA0C00788CD3 /* Sources */ = {
			isa = PBXSourcesBuildPhase;
			buildActionMask = 2147483647;
			files = (
				EB348E432204EA0C00788CD3 /* PlacesTests.swift in Sources */,
			);
			runOnlyForDeploymentPostprocessing = 0;
		};
/* End PBXSourcesBuildPhase section */

/* Begin PBXTargetDependency section */
		EB348E472204EA0C00788CD3 /* PBXTargetDependency */ = {
			isa = PBXTargetDependency;
			target = CE9D201F20914D0D00F1C8FA /* Places */;
			targetProxy = EB348E462204EA0C00788CD3 /* PBXContainerItemProxy */;
		};
/* End PBXTargetDependency section */

/* Begin XCBuildConfiguration section */
		CE9D202620914D0D00F1C8FA /* Debug */ = {
			isa = XCBuildConfiguration;
			buildSettings = {
			};
			name = Debug;
		};
		CE9D202720914D0D00F1C8FA /* Release */ = {
			isa = XCBuildConfiguration;
			buildSettings = {
			};
			name = Release;
		};
		CE9D202920914D0D00F1C8FA /* Debug */ = {
			isa = XCBuildConfiguration;
			baseConfigurationReference = EBA8770721F5FB9A004F63F0 /* debug.xcconfig */;
			buildSettings = {
				INFOPLIST_FILE = "$(SRCROOT)/Places/Info.plist";
				PRODUCT_BUNDLE_IDENTIFIER = org.mozilla.Places;
			};
			name = Debug;
		};
		CE9D202A20914D0D00F1C8FA /* Release */ = {
			isa = XCBuildConfiguration;
			baseConfigurationReference = EBA8770821F5FB9A004F63F0 /* release.xcconfig */;
			buildSettings = {
				INFOPLIST_FILE = "$(SRCROOT)/Places/Info.plist";
				PRODUCT_BUNDLE_IDENTIFIER = org.mozilla.Places;
			};
			name = Release;
		};
		EB348E482204EA0C00788CD3 /* Debug */ = {
			isa = XCBuildConfiguration;
			baseConfigurationReference = EBA8770721F5FB9A004F63F0 /* debug.xcconfig */;
			buildSettings = {
				INFOPLIST_FILE = PlacesTests/Info.plist;
				LD_RUNPATH_SEARCH_PATHS = (
					"$(inherited)",
					"@executable_path/Frameworks",
					"@loader_path/Frameworks",
				);
				PRODUCT_BUNDLE_IDENTIFIER = mozilla.org.PlacesTests;
				PRODUCT_NAME = "$(TARGET_NAME)";
			};
			name = Debug;
		};
		EB348E492204EA0C00788CD3 /* Release */ = {
			isa = XCBuildConfiguration;
			baseConfigurationReference = EBA8770821F5FB9A004F63F0 /* release.xcconfig */;
			buildSettings = {
				INFOPLIST_FILE = PlacesTests/Info.plist;
				LD_RUNPATH_SEARCH_PATHS = (
					"$(inherited)",
					"@executable_path/Frameworks",
					"@loader_path/Frameworks",
				);
				PRODUCT_BUNDLE_IDENTIFIER = mozilla.org.PlacesTests;
				PRODUCT_NAME = "$(TARGET_NAME)";
			};
			name = Release;
		};
/* End XCBuildConfiguration section */

/* Begin XCConfigurationList section */
		CE9D201A20914D0D00F1C8FA /* Build configuration list for PBXProject "Places" */ = {
			isa = XCConfigurationList;
			buildConfigurations = (
				CE9D202620914D0D00F1C8FA /* Debug */,
				CE9D202720914D0D00F1C8FA /* Release */,
			);
			defaultConfigurationIsVisible = 0;
			defaultConfigurationName = Release;
		};
		CE9D202820914D0D00F1C8FA /* Build configuration list for PBXNativeTarget "Places" */ = {
			isa = XCConfigurationList;
			buildConfigurations = (
				CE9D202920914D0D00F1C8FA /* Debug */,
				CE9D202A20914D0D00F1C8FA /* Release */,
			);
			defaultConfigurationIsVisible = 0;
			defaultConfigurationName = Release;
		};
		EB348E4A2204EA0C00788CD3 /* Build configuration list for PBXNativeTarget "PlacesTests" */ = {
			isa = XCConfigurationList;
			buildConfigurations = (
				EB348E482204EA0C00788CD3 /* Debug */,
				EB348E492204EA0C00788CD3 /* Release */,
			);
			defaultConfigurationIsVisible = 0;
			defaultConfigurationName = Release;
		};
/* End XCConfigurationList section */
	};
	rootObject = CE9D201720914D0D00F1C8FA /* Project object */;
}
