{
  "pins" : [
    {
      "identity" : "glean-swift",
      "kind" : "remoteSourceControl",
      "location" : "https://github.com/mozilla/glean-swift",
      "state" : {
        "revision" : "afd55ed0bea2aeefc1394f06ab02ad3c6d9178dc",
        "version" : "69.0.0"
      }
    }
  ],
  "version" : 2
}
