{
  "pins" : [
    {
      "identity" : "glean-swift",
      "kind" : "remoteSourceControl",
      "location" : "https://github.com/mozilla/glean-swift",
      "state" : {
        "revision" : "e63328d4b4b2a8b103a459cd0f3828d6dc0006b2",
        "version" : "66.1.0"
      }
    }
  ],
  "version" : 2
}
