// !$*UTF8*$!
{
	archiveVersion = 1;
	classes = {
	};
	objectVersion = 50;
	objects = {

/* Begin PBXBuildFile section */
		CE08288320AB319A006B8D84 /* ProfileView.swift in Sources */ = {isa = PBXBuildFile; fileRef = CE08288220AB319A006B8D84 /* ProfileView.swift */; };
		CE08288620AB3315006B8D84 /* FxAClient.framework in Embed Frameworks */ = {isa = PBXBuildFile; fileRef = CEC659D220AB2F6600B5D71C /* FxAClient.framework */; settings = {ATTRIBUTES = (CodeSignOnCopy, RemoveHeadersOnCopy, ); }; };
		CE3BA07020AB2889005B1FD6 /* AppDelegate.swift in Sources */ = {isa = PBXBuildFile; fileRef = CE3BA06F20AB2889005B1FD6 /* AppDelegate.swift */; };
		CE3BA07220AB2889005B1FD6 /* ViewController.swift in Sources */ = {isa = PBXBuildFile; fileRef = CE3BA07120AB2889005B1FD6 /* ViewController.swift */; };
		CE3BA07720AB288A005B1FD6 /* Assets.xcassets in Resources */ = {isa = PBXBuildFile; fileRef = CE3BA07620AB288A005B1FD6 /* Assets.xcassets */; };
		CE77A96420AB29230092C8C3 /* FxAView.swift in Sources */ = {isa = PBXBuildFile; fileRef = CE77A96320AB29230092C8C3 /* FxAView.swift */; };
/* End PBXBuildFile section */

/* Begin PBXCopyFilesBuildPhase section */
		CE08288720AB3315006B8D84 /* Embed Frameworks */ = {
			isa = PBXCopyFilesBuildPhase;
			buildActionMask = 2147483647;
			dstPath = "";
			dstSubfolderSpec = 10;
			files = (
				CE08288620AB3315006B8D84 /* FxAClient.framework in Embed Frameworks */,
			);
			name = "Embed Frameworks";
			runOnlyForDeploymentPostprocessing = 0;
		};
/* End PBXCopyFilesBuildPhase section */

/* Begin PBXFileReference section */
		CE08288220AB319A006B8D84 /* ProfileView.swift */ = {isa = PBXFileReference; lastKnownFileType = sourcecode.swift; path = ProfileView.swift; sourceTree = "<group>"; };
		CE3BA06C20AB2889005B1FD6 /* Example.app */ = {isa = PBXFileReference; explicitFileType = wrapper.application; includeInIndex = 0; path = Example.app; sourceTree = BUILT_PRODUCTS_DIR; };
		CE3BA06F20AB2889005B1FD6 /* AppDelegate.swift */ = {isa = PBXFileReference; lastKnownFileType = sourcecode.swift; path = AppDelegate.swift; sourceTree = "<group>"; };
		CE3BA07120AB2889005B1FD6 /* ViewController.swift */ = {isa = PBXFileReference; lastKnownFileType = sourcecode.swift; path = ViewController.swift; sourceTree = "<group>"; };
		CE3BA07620AB288A005B1FD6 /* Assets.xcassets */ = {isa = PBXFileReference; lastKnownFileType = folder.assetcatalog; path = Assets.xcassets; sourceTree = "<group>"; };
		CE3BA07B20AB288A005B1FD6 /* Info.plist */ = {isa = PBXFileReference; lastKnownFileType = text.plist.xml; path = Info.plist; sourceTree = "<group>"; };
		CE77A96320AB29230092C8C3 /* FxAView.swift */ = {isa = PBXFileReference; lastKnownFileType = sourcecode.swift; path = FxAView.swift; sourceTree = "<group>"; };
		CEC659D220AB2F6600B5D71C /* FxAClient.framework */ = {isa = PBXFileReference; lastKnownFileType = wrapper.framework; name = FxAClient.framework; path = Carthage/Build/iOS/FxAClient.framework; sourceTree = "<group>"; };
		EBA8770F21F602C6004F63F0 /* base.xcconfig */ = {isa = PBXFileReference; lastKnownFileType = text.xcconfig; path = base.xcconfig; sourceTree = "<group>"; };
		EBA8771021F602C6004F63F0 /* debug.xcconfig */ = {isa = PBXFileReference; lastKnownFileType = text.xcconfig; path = debug.xcconfig; sourceTree = "<group>"; };
		EBA8771121F602C7004F63F0 /* release.xcconfig */ = {isa = PBXFileReference; lastKnownFileType = text.xcconfig; path = release.xcconfig; sourceTree = "<group>"; };
/* End PBXFileReference section */

/* Begin PBXFrameworksBuildPhase section */
		CE3BA06920AB2889005B1FD6 /* Frameworks */ = {
			isa = PBXFrameworksBuildPhase;
			buildActionMask = 2147483647;
			files = (
			);
			runOnlyForDeploymentPostprocessing = 0;
		};
/* End PBXFrameworksBuildPhase section */

/* Begin PBXGroup section */
		CE3BA06320AB2889005B1FD6 = {
			isa = PBXGroup;
			children = (
				EBA8770F21F602C6004F63F0 /* base.xcconfig */,
				EBA8771021F602C6004F63F0 /* debug.xcconfig */,
				EBA8771121F602C7004F63F0 /* release.xcconfig */,
				CE3BA06E20AB2889005B1FD6 /* Example */,
				CE3BA06D20AB2889005B1FD6 /* Products */,
				CEC659D120AB2F6600B5D71C /* Frameworks */,
			);
			sourceTree = "<group>";
		};
		CE3BA06D20AB2889005B1FD6 /* Products */ = {
			isa = PBXGroup;
			children = (
				CE3BA06C20AB2889005B1FD6 /* Example.app */,
			);
			name = Products;
			sourceTree = "<group>";
		};
		CE3BA06E20AB2889005B1FD6 /* Example */ = {
			isa = PBXGroup;
			children = (
				CE3BA06F20AB2889005B1FD6 /* AppDelegate.swift */,
				CE3BA07120AB2889005B1FD6 /* ViewController.swift */,
				CE3BA07620AB288A005B1FD6 /* Assets.xcassets */,
				CE3BA07B20AB288A005B1FD6 /* Info.plist */,
				CE77A96320AB29230092C8C3 /* FxAView.swift */,
				CE08288220AB319A006B8D84 /* ProfileView.swift */,
			);
			path = Example;
			sourceTree = "<group>";
		};
		CEC659D120AB2F6600B5D71C /* Frameworks */ = {
			isa = PBXGroup;
			children = (
				CEC659D220AB2F6600B5D71C /* FxAClient.framework */,
			);
			name = Frameworks;
			sourceTree = "<group>";
		};
/* End PBXGroup section */

/* Begin PBXNativeTarget section */
		CE3BA06B20AB2889005B1FD6 /* Example */ = {
			isa = PBXNativeTarget;
			buildConfigurationList = CE3BA07E20AB288A005B1FD6 /* Build configuration list for PBXNativeTarget "Example" */;
			buildPhases = (
				CE3BA06820AB2889005B1FD6 /* Sources */,
				CE3BA06920AB2889005B1FD6 /* Frameworks */,
				CE3BA06A20AB2889005B1FD6 /* Resources */,
				CE08288720AB3315006B8D84 /* Embed Frameworks */,
			);
			buildRules = (
			);
			dependencies = (
			);
			name = Example;
			productName = Example;
			productReference = CE3BA06C20AB2889005B1FD6 /* Example.app */;
			productType = "com.apple.product-type.application";
		};
/* End PBXNativeTarget section */

/* Begin PBXProject section */
		CE3BA06420AB2889005B1FD6 /* Project object */ = {
			isa = PBXProject;
			attributes = {
				LastSwiftUpdateCheck = 0930;
				LastUpgradeCheck = 0930;
				ORGANIZATIONNAME = Mozilla;
				TargetAttributes = {
					CE3BA06B20AB2889005B1FD6 = {
						CreatedOnToolsVersion = 9.3;
					};
				};
			};
			buildConfigurationList = CE3BA06720AB2889005B1FD6 /* Build configuration list for PBXProject "Example" */;
			compatibilityVersion = "Xcode 9.3";
			developmentRegion = en;
			hasScannedForEncodings = 0;
			knownRegions = (
				en,
				Base,
			);
			mainGroup = CE3BA06320AB2889005B1FD6;
			productRefGroup = CE3BA06D20AB2889005B1FD6 /* Products */;
			projectDirPath = "";
			projectRoot = "";
			targets = (
				CE3BA06B20AB2889005B1FD6 /* Example */,
			);
		};
/* End PBXProject section */

/* Begin PBXResourcesBuildPhase section */
		CE3BA06A20AB2889005B1FD6 /* Resources */ = {
			isa = PBXResourcesBuildPhase;
			buildActionMask = 2147483647;
			files = (
				CE3BA07720AB288A005B1FD6 /* Assets.xcassets in Resources */,
			);
			runOnlyForDeploymentPostprocessing = 0;
		};
/* End PBXResourcesBuildPhase section */

/* Begin PBXSourcesBuildPhase section */
		CE3BA06820AB2889005B1FD6 /* Sources */ = {
			isa = PBXSourcesBuildPhase;
			buildActionMask = 2147483647;
			files = (
				CE08288320AB319A006B8D84 /* ProfileView.swift in Sources */,
				CE3BA07220AB2889005B1FD6 /* ViewController.swift in Sources */,
				CE77A96420AB29230092C8C3 /* FxAView.swift in Sources */,
				CE3BA07020AB2889005B1FD6 /* AppDelegate.swift in Sources */,
			);
			runOnlyForDeploymentPostprocessing = 0;
		};
/* End PBXSourcesBuildPhase section */

/* Begin XCBuildConfiguration section */
		CE3BA07C20AB288A005B1FD6 /* Debug */ = {
			isa = XCBuildConfiguration;
			buildSettings = {
			};
			name = Debug;
		};
		CE3BA07D20AB288A005B1FD6 /* Release */ = {
			isa = XCBuildConfiguration;
			buildSettings = {
			};
			name = Release;
		};
		CE3BA07F20AB288A005B1FD6 /* Debug */ = {
			isa = XCBuildConfiguration;
			baseConfigurationReference = EBA8771021F602C6004F63F0 /* debug.xcconfig */;
			buildSettings = {
				ASSETCATALOG_COMPILER_APPICON_NAME = AppIcon;
			};
			name = Debug;
		};
		CE3BA08020AB288A005B1FD6 /* Release */ = {
			isa = XCBuildConfiguration;
			baseConfigurationReference = EBA8771121F602C7004F63F0 /* release.xcconfig */;
			buildSettings = {
				ASSETCATALOG_COMPILER_APPICON_NAME = AppIcon;
			};
			name = Release;
		};
/* End XCBuildConfiguration section */

/* Begin XCConfigurationList section */
		CE3BA06720AB2889005B1FD6 /* Build configuration list for PBXProject "Example" */ = {
			isa = XCConfigurationList;
			buildConfigurations = (
				CE3BA07C20AB288A005B1FD6 /* Debug */,
				CE3BA07D20AB288A005B1FD6 /* Release */,
			);
			defaultConfigurationIsVisible = 0;
			defaultConfigurationName = Release;
		};
		CE3BA07E20AB288A005B1FD6 /* Build configuration list for PBXNativeTarget "Example" */ = {
			isa = XCConfigurationList;
			buildConfigurations = (
				CE3BA07F20AB288A005B1FD6 /* Debug */,
				CE3BA08020AB288A005B1FD6 /* Release */,
			);
			defaultConfigurationIsVisible = 0;
			defaultConfigurationName = Release;
		};
/* End XCConfigurationList section */
	};
	rootObject = CE3BA06420AB2889005B1FD6 /* Project object */;
}
