// !$*UTF8*$!
{
	archiveVersion = 1;
	classes = {
	};
	objectVersion = 55;
	objects = {

/* Begin PBXBuildFile section */
		1B3BC93F27B1D62800229CF6 /* Bookmark.swift in Sources */ = {isa = PBXBuildFile; fileRef = 1BBAC5A527AE0F2E00DAFEF2 /* Bookmark.swift */; };
		1B3BC94027B1D62800229CF6 /* Places.swift in Sources */ = {isa = PBXBuildFile; fileRef = 1BBAC5A727AE0F2E00DAFEF2 /* Places.swift */; };
		1B3BC94127B1D62800229CF6 /* HistoryMetadata.swift in Sources */ = {isa = PBXBuildFile; fileRef = 1BBAC5A627AE0F2E00DAFEF2 /* HistoryMetadata.swift */; };
		1B3BC94327B1D63B00229CF6 /* PlacesTests.swift in Sources */ = {isa = PBXBuildFile; fileRef = 1BBAC54027AE065300DAFEF2 /* PlacesTests.swift */; };
		1B3BC94527B1D6A500229CF6 /* SyncUnlockInfo.swift in Sources */ = {isa = PBXBuildFile; fileRef = 1BBAC5B027AE11AA00DAFEF2 /* SyncUnlockInfo.swift */; };
		1B3BC94627B1D6A500229CF6 /* ResultError.swift in Sources */ = {isa = PBXBuildFile; fileRef = 1BBAC5B127AE11AA00DAFEF2 /* ResultError.swift */; };
		1B3BC94727B1D73500229CF6 /* LogTest.swift in Sources */ = {isa = PBXBuildFile; fileRef = 1BBAC53F27AE065300DAFEF2 /* LogTest.swift */; };
		1B3BC94827B1D73700229CF6 /* LoginsTests.swift in Sources */ = {isa = PBXBuildFile; fileRef = 1BBAC53B27AE065300DAFEF2 /* LoginsTests.swift */; };
		1B3BC94B27B1D79B00229CF6 /* LoginsStorage.swift in Sources */ = {isa = PBXBuildFile; fileRef = 1BBAC58627AE09C600DAFEF2 /* LoginsStorage.swift */; };
		1B3BC94D27B1D7B700229CF6 /* RustLog.swift in Sources */ = {isa = PBXBuildFile; fileRef = 1BBAC55327AE076200DAFEF2 /* RustLog.swift */; };
		1B3BC94F27B1D92800229CF6 /* NimbusTests.swift in Sources */ = {isa = PBXBuildFile; fileRef = 1BBAC53E27AE065300DAFEF2 /* NimbusTests.swift */; };
		1B3BC95027B1D92A00229CF6 /* NimbusFeatureVariablesTests.swift in Sources */ = {isa = PBXBuildFile; fileRef = 1BBAC54427AE065300DAFEF2 /* NimbusFeatureVariablesTests.swift */; };
		1B3BC95127B1D93100229CF6 /* CrashTestTests.swift in Sources */ = {isa = PBXBuildFile; fileRef = 1BBAC54327AE065300DAFEF2 /* CrashTestTests.swift */; };
		1B3BC98227B1D9B700229CF6 /* Collections+.swift in Sources */ = {isa = PBXBuildFile; fileRef = 1B3BC97527B1D9B700229CF6 /* Collections+.swift */; };
		1B3BC98327B1D9B700229CF6 /* FeatureHolder.swift in Sources */ = {isa = PBXBuildFile; fileRef = 1B3BC97627B1D9B700229CF6 /* FeatureHolder.swift */; };
		1B3BC98427B1D9B800229CF6 /* NimbusApi.swift in Sources */ = {isa = PBXBuildFile; fileRef = 1B3BC97727B1D9B700229CF6 /* NimbusApi.swift */; };
		1B3BC98527B1D9B800229CF6 /* GleanPlumbHelpers.swift in Sources */ = {isa = PBXBuildFile; fileRef = 1B3BC97827B1D9B700229CF6 /* GleanPlumbHelpers.swift */; };
		1B3BC98627B1D9B800229CF6 /* FeatureVariables.swift in Sources */ = {isa = PBXBuildFile; fileRef = 1B3BC97927B1D9B700229CF6 /* FeatureVariables.swift */; };
		1B3BC98727B1D9B800229CF6 /* Nimbus.swift in Sources */ = {isa = PBXBuildFile; fileRef = 1B3BC97A27B1D9B700229CF6 /* Nimbus.swift */; };
		1B3BC98827B1D9B800229CF6 /* FeatureInterface.swift in Sources */ = {isa = PBXBuildFile; fileRef = 1B3BC97B27B1D9B700229CF6 /* FeatureInterface.swift */; };
		1B3BC98927B1D9B800229CF6 /* Unreachable.swift in Sources */ = {isa = PBXBuildFile; fileRef = 1B3BC97D27B1D9B700229CF6 /* Unreachable.swift */; };
		1B3BC98A27B1D9B800229CF6 /* Logger.swift in Sources */ = {isa = PBXBuildFile; fileRef = 1B3BC97E27B1D9B700229CF6 /* Logger.swift */; };
		1B3BC98B27B1D9B800229CF6 /* Sysctl.swift in Sources */ = {isa = PBXBuildFile; fileRef = 1B3BC97F27B1D9B700229CF6 /* Sysctl.swift */; };
		1B3BC98C27B1D9B800229CF6 /* Utils.swift in Sources */ = {isa = PBXBuildFile; fileRef = 1B3BC98027B1D9B700229CF6 /* Utils.swift */; };
		1B3BC98D27B1D9B800229CF6 /* NimbusCreate.swift in Sources */ = {isa = PBXBuildFile; fileRef = 1B3BC98127B1D9B700229CF6 /* NimbusCreate.swift */; };
		1B5CB50E27B202B600C31B56 /* MozillaRustComponents.xcframework in Frameworks */ = {isa = PBXBuildFile; fileRef = 1B5CB50D27B202B600C31B56 /* MozillaRustComponents.xcframework */; };
		1BB64C7A27B1FA0400A4247F /* GleanPlumbTests.swift in Sources */ = {isa = PBXBuildFile; fileRef = 1BBAC54227AE065300DAFEF2 /* GleanPlumbTests.swift */; };
		1BBAC4FC27AE049500DAFEF2 /* MozillaTestServicesApp.swift in Sources */ = {isa = PBXBuildFile; fileRef = 1BBAC4FB27AE049500DAFEF2 /* MozillaTestServicesApp.swift */; };
		1BBAC55127AE06FD00DAFEF2 /* Glean in Frameworks */ = {isa = PBXBuildFile; productRef = 1BBAC55027AE06FD00DAFEF2 /* Glean */; };
		1BBAC59C27AE0BB600DAFEF2 /* ContentView.swift in Sources */ = {isa = PBXBuildFile; fileRef = 1BBAC4FD27AE049500DAFEF2 /* ContentView.swift */; };
		1BE9B60D27C9CD770029D11A /* crashtest.udl in Sources */ = {isa = PBXBuildFile; fileRef = 1B3BC99127B1DAA300229CF6 /* crashtest.udl */; };
		1BE9B60E27C9CD770029D11A /* nimbus.udl in Sources */ = {isa = PBXBuildFile; fileRef = 1B3BC98E27B1D9D600229CF6 /* nimbus.udl */; };
		1BE9B60F27C9CD770029D11A /* places.udl in Sources */ = {isa = PBXBuildFile; fileRef = 1BBAC5AB27AE101400DAFEF2 /* places.udl */; };
		1BE9B61027C9CD770029D11A /* logins.udl in Sources */ = {isa = PBXBuildFile; fileRef = 1B58D8A627AE12850075168B /* logins.udl */; };
		1BE9B61127C9CD770029D11A /* fxa_client.udl in Sources */ = {isa = PBXBuildFile; fileRef = 1BB9C31F27B4924D001E5BBF /* fxa_client.udl */; };
		1BF50F0C27B1E17B00A9C8A5 /* KeychainWrapper+.swift in Sources */ = {isa = PBXBuildFile; fileRef = 1BBAC56727AE085F00DAFEF2 /* KeychainWrapper+.swift */; };
		1BF50F0D27B1E17B00A9C8A5 /* FxAccountMigration.swift in Sources */ = {isa = PBXBuildFile; fileRef = 1BBAC56E27AE085F00DAFEF2 /* FxAccountMigration.swift */; };
		1BF50F0E27B1E17B00A9C8A5 /* FxAccountLogging.swift in Sources */ = {isa = PBXBuildFile; fileRef = 1BBAC56C27AE085F00DAFEF2 /* FxAccountLogging.swift */; };
		1BF50F0F27B1E17B00A9C8A5 /* FxAccountOAuth.swift in Sources */ = {isa = PBXBuildFile; fileRef = 1BBAC56827AE085F00DAFEF2 /* FxAccountOAuth.swift */; };
		1BF50F1027B1E17B00A9C8A5 /* FxAccountStorage.swift in Sources */ = {isa = PBXBuildFile; fileRef = 1BBAC56927AE085F00DAFEF2 /* FxAccountStorage.swift */; };
		1BF50F1127B1E17B00A9C8A5 /* FxAccountDeviceConstellation.swift in Sources */ = {isa = PBXBuildFile; fileRef = 1BBAC56227AE085F00DAFEF2 /* FxAccountDeviceConstellation.swift */; };
		1BF50F1227B1E17B00A9C8A5 /* FxAccountManager.swift in Sources */ = {isa = PBXBuildFile; fileRef = 1BBAC56B27AE085F00DAFEF2 /* FxAccountManager.swift */; };
		1BF50F1327B1E17B00A9C8A5 /* FxAccountConfig.swift in Sources */ = {isa = PBXBuildFile; fileRef = 1BBAC56D27AE085F00DAFEF2 /* FxAccountConfig.swift */; };
		1BF50F1427B1E17B00A9C8A5 /* PersistedFirefoxAccount.swift in Sources */ = {isa = PBXBuildFile; fileRef = 1BBAC56127AE085F00DAFEF2 /* PersistedFirefoxAccount.swift */; };
		1BF50F1527B1E17B00A9C8A5 /* FxAccountState.swift in Sources */ = {isa = PBXBuildFile; fileRef = 1BBAC56A27AE085F00DAFEF2 /* FxAccountState.swift */; };
		1BF50F1627B1E18000A9C8A5 /* KeychainWrapper.swift in Sources */ = {isa = PBXBuildFile; fileRef = 1BBAC56427AE085F00DAFEF2 /* KeychainWrapper.swift */; };
		1BF50F1727B1E18000A9C8A5 /* KeychainItemAccessibility.swift in Sources */ = {isa = PBXBuildFile; fileRef = 1BBAC56627AE085F00DAFEF2 /* KeychainItemAccessibility.swift */; };
		1BF50F1827B1E18000A9C8A5 /* KeychainWrapperSubscript.swift in Sources */ = {isa = PBXBuildFile; fileRef = 1BBAC56527AE085F00DAFEF2 /* KeychainWrapperSubscript.swift */; };
		1BF50F1927B1E19500A9C8A5 /* FxAccountManagerTests.swift in Sources */ = {isa = PBXBuildFile; fileRef = 1BBAC54127AE065300DAFEF2 /* FxAccountManagerTests.swift */; };
		1BF50F1A27B1E19800A9C8A5 /* FxAccountMocks.swift in Sources */ = {isa = PBXBuildFile; fileRef = 1BBAC53C27AE065300DAFEF2 /* FxAccountMocks.swift */; };
		1BFC469827C99F250034E0A5 /* Metrics.swift in Sources */ = {isa = PBXBuildFile; fileRef = 1BFC469627C99F250034E0A5 /* Metrics.swift */; };
/* End PBXBuildFile section */

/* Begin PBXBuildRule section */
		1B3BC94427B1D67300229CF6 /* PBXBuildRule */ = {
			isa = PBXBuildRule;
			compilerSpec = com.apple.compilers.proxy.script;
			filePatterns = "*.udl";
			fileType = pattern.proxy;
			inputFiles = (
			);
			isEditable = 1;
			outputFiles = (
				"$(INPUT_FILE_DIR)/../ios/Generated/$(INPUT_FILE_BASE)FFI.h",
				"$(INPUT_FILE_DIR)/../ios/Generated/$(INPUT_FILE_BASE).swift",
			);
			script = "bash $PWD/../../../build-scripts/xc-cargo.sh uniffi-bindgen generate $INPUT_FILE_PATH --language swift --out-dir $INPUT_FILE_DIR/../ios/Generated\n";
		};
/* End PBXBuildRule section */

/* Begin PBXContainerItemProxy section */
		1BBAC50927AE049600DAFEF2 /* PBXContainerItemProxy */ = {
			isa = PBXContainerItemProxy;
			containerPortal = 1BBAC4F027AE049500DAFEF2 /* Project object */;
			proxyType = 1;
			remoteGlobalIDString = 1BBAC4F727AE049500DAFEF2;
			remoteInfo = MozillaTestServices;
		};
/* End PBXContainerItemProxy section */

/* Begin PBXCopyFilesBuildPhase section */
		1BF50F3227B1F33A00A9C8A5 /* Embed Frameworks */ = {
			isa = PBXCopyFilesBuildPhase;
			buildActionMask = 2147483647;
			dstPath = "";
			dstSubfolderSpec = 10;
			files = (
			);
			name = "Embed Frameworks";
			runOnlyForDeploymentPostprocessing = 0;
		};
/* End PBXCopyFilesBuildPhase section */

/* Begin PBXFileReference section */
		1B3BC97527B1D9B700229CF6 /* Collections+.swift */ = {isa = PBXFileReference; fileEncoding = 4; lastKnownFileType = sourcecode.swift; name = "Collections+.swift"; path = "../../../components/nimbus/ios/Nimbus/Collections+.swift"; sourceTree = SOURCE_ROOT; };
		1B3BC97627B1D9B700229CF6 /* FeatureHolder.swift */ = {isa = PBXFileReference; fileEncoding = 4; lastKnownFileType = sourcecode.swift; name = FeatureHolder.swift; path = ../../../components/nimbus/ios/Nimbus/FeatureHolder.swift; sourceTree = SOURCE_ROOT; };
		1B3BC97727B1D9B700229CF6 /* NimbusApi.swift */ = {isa = PBXFileReference; fileEncoding = 4; lastKnownFileType = sourcecode.swift; name = NimbusApi.swift; path = ../../../components/nimbus/ios/Nimbus/NimbusApi.swift; sourceTree = SOURCE_ROOT; };
		1B3BC97827B1D9B700229CF6 /* GleanPlumbHelpers.swift */ = {isa = PBXFileReference; fileEncoding = 4; lastKnownFileType = sourcecode.swift; name = GleanPlumbHelpers.swift; path = ../../../components/nimbus/ios/Nimbus/GleanPlumbHelpers.swift; sourceTree = SOURCE_ROOT; };
		1B3BC97927B1D9B700229CF6 /* FeatureVariables.swift */ = {isa = PBXFileReference; fileEncoding = 4; lastKnownFileType = sourcecode.swift; name = FeatureVariables.swift; path = ../../../components/nimbus/ios/Nimbus/FeatureVariables.swift; sourceTree = SOURCE_ROOT; };
		1B3BC97A27B1D9B700229CF6 /* Nimbus.swift */ = {isa = PBXFileReference; fileEncoding = 4; lastKnownFileType = sourcecode.swift; name = Nimbus.swift; path = ../../../components/nimbus/ios/Nimbus/Nimbus.swift; sourceTree = SOURCE_ROOT; };
		1B3BC97B27B1D9B700229CF6 /* FeatureInterface.swift */ = {isa = PBXFileReference; fileEncoding = 4; lastKnownFileType = sourcecode.swift; name = FeatureInterface.swift; path = ../../../components/nimbus/ios/Nimbus/FeatureInterface.swift; sourceTree = SOURCE_ROOT; };
		1B3BC97D27B1D9B700229CF6 /* Unreachable.swift */ = {isa = PBXFileReference; fileEncoding = 4; lastKnownFileType = sourcecode.swift; name = Unreachable.swift; path = ../../../components/nimbus/ios/Nimbus/Utils/Unreachable.swift; sourceTree = SOURCE_ROOT; };
		1B3BC97E27B1D9B700229CF6 /* Logger.swift */ = {isa = PBXFileReference; fileEncoding = 4; lastKnownFileType = sourcecode.swift; name = Logger.swift; path = ../../../components/nimbus/ios/Nimbus/Utils/Logger.swift; sourceTree = SOURCE_ROOT; };
		1B3BC97F27B1D9B700229CF6 /* Sysctl.swift */ = {isa = PBXFileReference; fileEncoding = 4; lastKnownFileType = sourcecode.swift; name = Sysctl.swift; path = ../../../components/nimbus/ios/Nimbus/Utils/Sysctl.swift; sourceTree = SOURCE_ROOT; };
		1B3BC98027B1D9B700229CF6 /* Utils.swift */ = {isa = PBXFileReference; fileEncoding = 4; lastKnownFileType = sourcecode.swift; name = Utils.swift; path = ../../../components/nimbus/ios/Nimbus/Utils/Utils.swift; sourceTree = SOURCE_ROOT; };
		1B3BC98127B1D9B700229CF6 /* NimbusCreate.swift */ = {isa = PBXFileReference; fileEncoding = 4; lastKnownFileType = sourcecode.swift; name = NimbusCreate.swift; path = ../../../components/nimbus/ios/Nimbus/NimbusCreate.swift; sourceTree = SOURCE_ROOT; };
		1B3BC98E27B1D9D600229CF6 /* nimbus.udl */ = {isa = PBXFileReference; fileEncoding = 4; lastKnownFileType = text; name = nimbus.udl; path = ../../../components/nimbus/src/nimbus.udl; sourceTree = SOURCE_ROOT; };
		1B3BC99127B1DAA300229CF6 /* crashtest.udl */ = {isa = PBXFileReference; fileEncoding = 4; lastKnownFileType = text; name = crashtest.udl; path = ../../../components/crashtest/src/crashtest.udl; sourceTree = SOURCE_ROOT; };
		1B58D8A627AE12850075168B /* logins.udl */ = {isa = PBXFileReference; fileEncoding = 4; lastKnownFileType = text; name = logins.udl; path = ../../../components/logins/src/logins.udl; sourceTree = SOURCE_ROOT; };
		1B5CB50D27B202B600C31B56 /* MozillaRustComponents.xcframework */ = {isa = PBXFileReference; lastKnownFileType = wrapper.xcframework; name = MozillaRustComponents.xcframework; path = ../MozillaRustComponents.xcframework; sourceTree = "<group>"; };
		1BB9C31F27B4924D001E5BBF /* fxa_client.udl */ = {isa = PBXFileReference; fileEncoding = 4; lastKnownFileType = text; name = fxa_client.udl; path = "../../../components/fxa-client/src/fxa_client.udl"; sourceTree = SOURCE_ROOT; };
		1BBAC4F827AE049500DAFEF2 /* MozillaTestServices.app */ = {isa = PBXFileReference; explicitFileType = wrapper.application; includeInIndex = 0; path = MozillaTestServices.app; sourceTree = BUILT_PRODUCTS_DIR; };
		1BBAC4FB27AE049500DAFEF2 /* MozillaTestServicesApp.swift */ = {isa = PBXFileReference; lastKnownFileType = sourcecode.swift; name = MozillaTestServicesApp.swift; path = MozillaTestServices/TestClient/MozillaTestServicesApp.swift; sourceTree = SOURCE_ROOT; };
		1BBAC4FD27AE049500DAFEF2 /* ContentView.swift */ = {isa = PBXFileReference; lastKnownFileType = sourcecode.swift; name = ContentView.swift; path = MozillaTestServices/TestClient/ContentView.swift; sourceTree = SOURCE_ROOT; };
		1BBAC50827AE049600DAFEF2 /* MozillaTestServicesTests.xctest */ = {isa = PBXFileReference; explicitFileType = wrapper.cfbundle; includeInIndex = 0; path = MozillaTestServicesTests.xctest; sourceTree = BUILT_PRODUCTS_DIR; };
		1BBAC53B27AE065300DAFEF2 /* LoginsTests.swift */ = {isa = PBXFileReference; lastKnownFileType = sourcecode.swift; name = LoginsTests.swift; path = MozillaTestServicesTests/LoginsTests.swift; sourceTree = SOURCE_ROOT; };
		1BBAC53C27AE065300DAFEF2 /* FxAccountMocks.swift */ = {isa = PBXFileReference; lastKnownFileType = sourcecode.swift; name = FxAccountMocks.swift; path = MozillaTestServicesTests/FxAccountMocks.swift; sourceTree = SOURCE_ROOT; };
		1BBAC53E27AE065300DAFEF2 /* NimbusTests.swift */ = {isa = PBXFileReference; lastKnownFileType = sourcecode.swift; name = NimbusTests.swift; path = MozillaTestServicesTests/NimbusTests.swift; sourceTree = SOURCE_ROOT; };
		1BBAC53F27AE065300DAFEF2 /* LogTest.swift */ = {isa = PBXFileReference; lastKnownFileType = sourcecode.swift; name = LogTest.swift; path = MozillaTestServicesTests/LogTest.swift; sourceTree = SOURCE_ROOT; };
		1BBAC54027AE065300DAFEF2 /* PlacesTests.swift */ = {isa = PBXFileReference; lastKnownFileType = sourcecode.swift; name = PlacesTests.swift; path = MozillaTestServicesTests/PlacesTests.swift; sourceTree = SOURCE_ROOT; };
		1BBAC54127AE065300DAFEF2 /* FxAccountManagerTests.swift */ = {isa = PBXFileReference; lastKnownFileType = sourcecode.swift; name = FxAccountManagerTests.swift; path = MozillaTestServicesTests/FxAccountManagerTests.swift; sourceTree = SOURCE_ROOT; };
		1BBAC54227AE065300DAFEF2 /* GleanPlumbTests.swift */ = {isa = PBXFileReference; lastKnownFileType = sourcecode.swift; name = GleanPlumbTests.swift; path = MozillaTestServicesTests/GleanPlumbTests.swift; sourceTree = SOURCE_ROOT; };
		1BBAC54327AE065300DAFEF2 /* CrashTestTests.swift */ = {isa = PBXFileReference; lastKnownFileType = sourcecode.swift; name = CrashTestTests.swift; path = MozillaTestServicesTests/CrashTestTests.swift; sourceTree = SOURCE_ROOT; };
		1BBAC54427AE065300DAFEF2 /* NimbusFeatureVariablesTests.swift */ = {isa = PBXFileReference; lastKnownFileType = sourcecode.swift; name = NimbusFeatureVariablesTests.swift; path = MozillaTestServicesTests/NimbusFeatureVariablesTests.swift; sourceTree = SOURCE_ROOT; };
		1BBAC55327AE076200DAFEF2 /* RustLog.swift */ = {isa = PBXFileReference; fileEncoding = 4; lastKnownFileType = sourcecode.swift; name = RustLog.swift; path = ../../../components/rc_log/ios/RustLog.swift; sourceTree = SOURCE_ROOT; };
		1BBAC55427AE076200DAFEF2 /* RustLogFFI.h */ = {isa = PBXFileReference; fileEncoding = 4; lastKnownFileType = sourcecode.c.h; name = RustLogFFI.h; path = ../../../components/rc_log/ios/RustLogFFI.h; sourceTree = SOURCE_ROOT; };
		1BBAC56127AE085F00DAFEF2 /* PersistedFirefoxAccount.swift */ = {isa = PBXFileReference; fileEncoding = 4; lastKnownFileType = sourcecode.swift; name = PersistedFirefoxAccount.swift; path = "../../../components/fxa-client/ios/FxAClient/PersistedFirefoxAccount.swift"; sourceTree = SOURCE_ROOT; };
		1BBAC56227AE085F00DAFEF2 /* FxAccountDeviceConstellation.swift */ = {isa = PBXFileReference; fileEncoding = 4; lastKnownFileType = sourcecode.swift; name = FxAccountDeviceConstellation.swift; path = "../../../components/fxa-client/ios/FxAClient/FxAccountDeviceConstellation.swift"; sourceTree = SOURCE_ROOT; };
		1BBAC56427AE085F00DAFEF2 /* KeychainWrapper.swift */ = {isa = PBXFileReference; fileEncoding = 4; lastKnownFileType = sourcecode.swift; name = KeychainWrapper.swift; path = "../../../components/fxa-client/ios/FxAClient/MZKeychain/KeychainWrapper.swift"; sourceTree = SOURCE_ROOT; };
		1BBAC56527AE085F00DAFEF2 /* KeychainWrapperSubscript.swift */ = {isa = PBXFileReference; fileEncoding = 4; lastKnownFileType = sourcecode.swift; name = KeychainWrapperSubscript.swift; path = "../../../components/fxa-client/ios/FxAClient/MZKeychain/KeychainWrapperSubscript.swift"; sourceTree = SOURCE_ROOT; };
		1BBAC56627AE085F00DAFEF2 /* KeychainItemAccessibility.swift */ = {isa = PBXFileReference; fileEncoding = 4; lastKnownFileType = sourcecode.swift; name = KeychainItemAccessibility.swift; path = "../../../components/fxa-client/ios/FxAClient/MZKeychain/KeychainItemAccessibility.swift"; sourceTree = SOURCE_ROOT; };
		1BBAC56727AE085F00DAFEF2 /* KeychainWrapper+.swift */ = {isa = PBXFileReference; fileEncoding = 4; lastKnownFileType = sourcecode.swift; name = "KeychainWrapper+.swift"; path = "../../../components/fxa-client/ios/FxAClient/KeychainWrapper+.swift"; sourceTree = SOURCE_ROOT; };
		1BBAC56827AE085F00DAFEF2 /* FxAccountOAuth.swift */ = {isa = PBXFileReference; fileEncoding = 4; lastKnownFileType = sourcecode.swift; name = FxAccountOAuth.swift; path = "../../../components/fxa-client/ios/FxAClient/FxAccountOAuth.swift"; sourceTree = SOURCE_ROOT; };
		1BBAC56927AE085F00DAFEF2 /* FxAccountStorage.swift */ = {isa = PBXFileReference; fileEncoding = 4; lastKnownFileType = sourcecode.swift; name = FxAccountStorage.swift; path = "../../../components/fxa-client/ios/FxAClient/FxAccountStorage.swift"; sourceTree = SOURCE_ROOT; };
		1BBAC56A27AE085F00DAFEF2 /* FxAccountState.swift */ = {isa = PBXFileReference; fileEncoding = 4; lastKnownFileType = sourcecode.swift; name = FxAccountState.swift; path = "../../../components/fxa-client/ios/FxAClient/FxAccountState.swift"; sourceTree = SOURCE_ROOT; };
		1BBAC56B27AE085F00DAFEF2 /* FxAccountManager.swift */ = {isa = PBXFileReference; fileEncoding = 4; lastKnownFileType = sourcecode.swift; name = FxAccountManager.swift; path = "../../../components/fxa-client/ios/FxAClient/FxAccountManager.swift"; sourceTree = SOURCE_ROOT; };
		1BBAC56C27AE085F00DAFEF2 /* FxAccountLogging.swift */ = {isa = PBXFileReference; fileEncoding = 4; lastKnownFileType = sourcecode.swift; name = FxAccountLogging.swift; path = "../../../components/fxa-client/ios/FxAClient/FxAccountLogging.swift"; sourceTree = SOURCE_ROOT; };
		1BBAC56D27AE085F00DAFEF2 /* FxAccountConfig.swift */ = {isa = PBXFileReference; fileEncoding = 4; lastKnownFileType = sourcecode.swift; name = FxAccountConfig.swift; path = "../../../components/fxa-client/ios/FxAClient/FxAccountConfig.swift"; sourceTree = SOURCE_ROOT; };
		1BBAC56E27AE085F00DAFEF2 /* FxAccountMigration.swift */ = {isa = PBXFileReference; fileEncoding = 4; lastKnownFileType = sourcecode.swift; name = FxAccountMigration.swift; path = "../../../components/fxa-client/ios/FxAClient/FxAccountMigration.swift"; sourceTree = SOURCE_ROOT; };
		1BBAC58627AE09C600DAFEF2 /* LoginsStorage.swift */ = {isa = PBXFileReference; fileEncoding = 4; lastKnownFileType = sourcecode.swift; name = LoginsStorage.swift; path = ../../../components/logins/ios/Logins/LoginsStorage.swift; sourceTree = SOURCE_ROOT; };
		1BBAC5A527AE0F2E00DAFEF2 /* Bookmark.swift */ = {isa = PBXFileReference; fileEncoding = 4; lastKnownFileType = sourcecode.swift; name = Bookmark.swift; path = ../../../components/places/ios/Places/Bookmark.swift; sourceTree = SOURCE_ROOT; };
		1BBAC5A627AE0F2E00DAFEF2 /* HistoryMetadata.swift */ = {isa = PBXFileReference; fileEncoding = 4; lastKnownFileType = sourcecode.swift; name = HistoryMetadata.swift; path = ../../../components/places/ios/Places/HistoryMetadata.swift; sourceTree = SOURCE_ROOT; };
		1BBAC5A727AE0F2E00DAFEF2 /* Places.swift */ = {isa = PBXFileReference; fileEncoding = 4; lastKnownFileType = sourcecode.swift; name = Places.swift; path = ../../../components/places/ios/Places/Places.swift; sourceTree = SOURCE_ROOT; };
		1BBAC5AB27AE101400DAFEF2 /* places.udl */ = {isa = PBXFileReference; fileEncoding = 4; lastKnownFileType = text; name = places.udl; path = ../../../components/places/src/places.udl; sourceTree = SOURCE_ROOT; };
		1BBAC5B027AE11AA00DAFEF2 /* SyncUnlockInfo.swift */ = {isa = PBXFileReference; fileEncoding = 4; lastKnownFileType = sourcecode.swift; name = SyncUnlockInfo.swift; path = ../../../components/sync15/ios/SyncUnlockInfo.swift; sourceTree = SOURCE_ROOT; };
		1BBAC5B127AE11AA00DAFEF2 /* ResultError.swift */ = {isa = PBXFileReference; fileEncoding = 4; lastKnownFileType = sourcecode.swift; name = ResultError.swift; path = ../../../components/sync15/ios/ResultError.swift; sourceTree = SOURCE_ROOT; };
		1BF50EEE27B1DBD900A9C8A5 /* crashtestFFI.h */ = {isa = PBXFileReference; fileEncoding = 4; lastKnownFileType = sourcecode.c.h; name = crashtestFFI.h; path = ../../../components/crashtest/ios/Generated/crashtestFFI.h; sourceTree = SOURCE_ROOT; };
		1BF50EEF27B1DBD900A9C8A5 /* crashtest.swift */ = {isa = PBXFileReference; fileEncoding = 4; lastKnownFileType = sourcecode.swift; name = crashtest.swift; path = ../../../components/crashtest/ios/Generated/crashtest.swift; sourceTree = SOURCE_ROOT; };
		1BF50EF527B1DD7D00A9C8A5 /* nimbusFFI.h */ = {isa = PBXFileReference; fileEncoding = 4; lastKnownFileType = sourcecode.c.h; name = nimbusFFI.h; path = ../../../components/nimbus/ios/Generated/nimbusFFI.h; sourceTree = SOURCE_ROOT; };
		1BF50EF627B1DD7D00A9C8A5 /* nimbus.swift */ = {isa = PBXFileReference; fileEncoding = 4; lastKnownFileType = sourcecode.swift; name = nimbus.swift; path = ../../../components/nimbus/ios/Generated/nimbus.swift; sourceTree = SOURCE_ROOT; };
		1BF50EFB27B1DDAE00A9C8A5 /* loginsFFI.h */ = {isa = PBXFileReference; fileEncoding = 4; lastKnownFileType = sourcecode.c.h; name = loginsFFI.h; path = ../../../components/logins/ios/Generated/loginsFFI.h; sourceTree = SOURCE_ROOT; };
		1BF50EFC27B1DDAE00A9C8A5 /* logins.swift */ = {isa = PBXFileReference; fileEncoding = 4; lastKnownFileType = sourcecode.swift; name = logins.swift; path = ../../../components/logins/ios/Generated/logins.swift; sourceTree = SOURCE_ROOT; };
		1BF50F0727B1E06700A9C8A5 /* places.swift */ = {isa = PBXFileReference; fileEncoding = 4; lastKnownFileType = sourcecode.swift; name = places.swift; path = ../../../components/places/ios/Generated/places.swift; sourceTree = SOURCE_ROOT; };
		1BF50F0827B1E06700A9C8A5 /* placesFFI.h */ = {isa = PBXFileReference; fileEncoding = 4; lastKnownFileType = sourcecode.c.h; name = placesFFI.h; path = ../../../components/places/ios/Generated/placesFFI.h; sourceTree = SOURCE_ROOT; };
		1BF50F1C27B1E1DF00A9C8A5 /* fxa_clientFFI.h */ = {isa = PBXFileReference; fileEncoding = 4; lastKnownFileType = sourcecode.c.h; name = fxa_clientFFI.h; path = "../../../components/fxa-client/ios/Generated/fxa_clientFFI.h"; sourceTree = SOURCE_ROOT; };
		1BF50F1D27B1E1DF00A9C8A5 /* fxa_client.swift */ = {isa = PBXFileReference; fileEncoding = 4; lastKnownFileType = sourcecode.swift; name = fxa_client.swift; path = "../../../components/fxa-client/ios/Generated/fxa_client.swift"; sourceTree = SOURCE_ROOT; };
		1BF50F2327B1E53E00A9C8A5 /* metrics.yaml */ = {isa = PBXFileReference; fileEncoding = 4; lastKnownFileType = text.yaml; name = metrics.yaml; path = ../../../components/nimbus/metrics.yaml; sourceTree = SOURCE_ROOT; };
		1BF50F2B27B1EB7D00A9C8A5 /* sdk_generator.sh */ = {isa = PBXFileReference; fileEncoding = 4; lastKnownFileType = text.script.sh; name = sdk_generator.sh; path = "../../../../../components/external/glean/glean-core/ios/sdk_generator.sh"; sourceTree = SOURCE_ROOT; };
		1BFC469627C99F250034E0A5 /* Metrics.swift */ = {isa = PBXFileReference; fileEncoding = 4; lastKnownFileType = sourcecode.swift; name = Metrics.swift; path = MozillaTestServices/Generated/Metrics.swift; sourceTree = SOURCE_ROOT; };
/* End PBXFileReference section */

/* Begin PBXFrameworksBuildPhase section */
		1BBAC4F527AE049500DAFEF2 /* Frameworks */ = {
			isa = PBXFrameworksBuildPhase;
			buildActionMask = 2147483647;
			files = (
				1B5CB50E27B202B600C31B56 /* MozillaRustComponents.xcframework in Frameworks */,
				1BBAC55127AE06FD00DAFEF2 /* Glean in Frameworks */,
			);
			runOnlyForDeploymentPostprocessing = 0;
		};
		1BBAC50527AE049600DAFEF2 /* Frameworks */ = {
			isa = PBXFrameworksBuildPhase;
			buildActionMask = 2147483647;
			files = (
			);
			runOnlyForDeploymentPostprocessing = 0;
		};
/* End PBXFrameworksBuildPhase section */

/* Begin PBXGroup section */
		1B3BC97427B1D99A00229CF6 /* Nimbus */ = {
			isa = PBXGroup;
			children = (
				1BF50F2327B1E53E00A9C8A5 /* metrics.yaml */,
				1BF50EF327B1DD7D00A9C8A5 /* Generated */,
				1B3BC98E27B1D9D600229CF6 /* nimbus.udl */,
				1B3BC97527B1D9B700229CF6 /* Collections+.swift */,
				1B3BC97627B1D9B700229CF6 /* FeatureHolder.swift */,
				1B3BC97B27B1D9B700229CF6 /* FeatureInterface.swift */,
				1B3BC97927B1D9B700229CF6 /* FeatureVariables.swift */,
				1B3BC97827B1D9B700229CF6 /* GleanPlumbHelpers.swift */,
				1B3BC97A27B1D9B700229CF6 /* Nimbus.swift */,
				1B3BC97727B1D9B700229CF6 /* NimbusApi.swift */,
				1B3BC98127B1D9B700229CF6 /* NimbusCreate.swift */,
				1B3BC97C27B1D9B700229CF6 /* Utils */,
			);
			name = Nimbus;
			path = ../../../../components/nimbus/ios;
			sourceTree = "<group>";
		};
		1B3BC97C27B1D9B700229CF6 /* Utils */ = {
			isa = PBXGroup;
			children = (
				1B3BC97D27B1D9B700229CF6 /* Unreachable.swift */,
				1B3BC97E27B1D9B700229CF6 /* Logger.swift */,
				1B3BC97F27B1D9B700229CF6 /* Sysctl.swift */,
				1B3BC98027B1D9B700229CF6 /* Utils.swift */,
			);
			name = Utils;
			path = ../../../components/nimbus/ios/Nimbus/Utils;
			sourceTree = SOURCE_ROOT;
		};
		1B3BC99027B1DA8700229CF6 /* Crashtest */ = {
			isa = PBXGroup;
			children = (
				1BF50EEC27B1DBD900A9C8A5 /* Generated */,
				1B3BC99127B1DAA300229CF6 /* crashtest.udl */,
			);
			name = Crashtest;
			path = ../../../../components/crashtest/ios;
			sourceTree = "<group>";
		};
		1BB64C7B27B1FF9F00A4247F /* TestClient */ = {
			isa = PBXGroup;
			children = (
				1BBAC4FB27AE049500DAFEF2 /* MozillaTestServicesApp.swift */,
				1BBAC4FD27AE049500DAFEF2 /* ContentView.swift */,
			);
			name = TestClient;
			path = MozillaTestServices/TestClient;
			sourceTree = SOURCE_ROOT;
		};
		1BBAC4EF27AE049500DAFEF2 = {
			isa = PBXGroup;
			children = (
				1B5CB50D27B202B600C31B56 /* MozillaRustComponents.xcframework */,
				1BBAC4FA27AE049500DAFEF2 /* MozillaTestServices */,
				1BBAC50B27AE049600DAFEF2 /* MozillaTestServicesTests */,
				1BBAC4F927AE049500DAFEF2 /* Products */,
			);
			sourceTree = "<group>";
		};
		1BBAC4F927AE049500DAFEF2 /* Products */ = {
			isa = PBXGroup;
			children = (
				1BBAC4F827AE049500DAFEF2 /* MozillaTestServices.app */,
				1BBAC50827AE049600DAFEF2 /* MozillaTestServicesTests.xctest */,
			);
			name = Products;
			sourceTree = "<group>";
		};
		1BBAC4FA27AE049500DAFEF2 /* MozillaTestServices */ = {
			isa = PBXGroup;
			children = (
				1BFC469427C99F250034E0A5 /* Generated */,
				1BB64C7B27B1FF9F00A4247F /* TestClient */,
				1BF50F0327B1DFC900A9C8A5 /* Glean */,
				1B3BC99027B1DA8700229CF6 /* Crashtest */,
				1B3BC97427B1D99A00229CF6 /* Nimbus */,
				1BBAC5A427AE0EF900DAFEF2 /* Places */,
				1BBAC5AF27AE112D00DAFEF2 /* Sync15 */,
				1BBAC58027AE099B00DAFEF2 /* Logins */,
				1BBAC55B27AE082400DAFEF2 /* FxAClient */,
				1BBAC55227AE073A00DAFEF2 /* RustLog */,
			);
			path = MozillaTestServices;
			sourceTree = "<group>";
		};
		1BBAC50B27AE049600DAFEF2 /* MozillaTestServicesTests */ = {
			isa = PBXGroup;
			children = (
				1BBAC54327AE065300DAFEF2 /* CrashTestTests.swift */,
				1BBAC54127AE065300DAFEF2 /* FxAccountManagerTests.swift */,
				1BBAC53C27AE065300DAFEF2 /* FxAccountMocks.swift */,
				1BBAC54227AE065300DAFEF2 /* GleanPlumbTests.swift */,
				1BBAC53B27AE065300DAFEF2 /* LoginsTests.swift */,
				1BBAC53F27AE065300DAFEF2 /* LogTest.swift */,
				1BBAC54427AE065300DAFEF2 /* NimbusFeatureVariablesTests.swift */,
				1BBAC53E27AE065300DAFEF2 /* NimbusTests.swift */,
				1BBAC54027AE065300DAFEF2 /* PlacesTests.swift */,
			);
			path = MozillaTestServicesTests;
			sourceTree = SOURCE_ROOT;
		};
		1BBAC55227AE073A00DAFEF2 /* RustLog */ = {
			isa = PBXGroup;
			children = (
				1BBAC55327AE076200DAFEF2 /* RustLog.swift */,
				1BBAC55427AE076200DAFEF2 /* RustLogFFI.h */,
			);
			name = RustLog;
			path = ../../../../components/rc_log/ios;
			sourceTree = "<group>";
		};
		1BBAC55B27AE082400DAFEF2 /* FxAClient */ = {
			isa = PBXGroup;
			children = (
				1BB9C31F27B4924D001E5BBF /* fxa_client.udl */,
				1BF50F1B27B1E1DF00A9C8A5 /* Generated */,
				1BBAC56027AE085F00DAFEF2 /* FxAClient */,
			);
			name = FxAClient;
			path = "../../../../components/fxa-client/ios";
			sourceTree = "<group>";
		};
		1BBAC56027AE085F00DAFEF2 /* FxAClient */ = {
			isa = PBXGroup;
			children = (
				1BBAC56127AE085F00DAFEF2 /* PersistedFirefoxAccount.swift */,
				1BBAC56227AE085F00DAFEF2 /* FxAccountDeviceConstellation.swift */,
				1BBAC56327AE085F00DAFEF2 /* MZKeychain */,
				1BBAC56727AE085F00DAFEF2 /* KeychainWrapper+.swift */,
				1BBAC56827AE085F00DAFEF2 /* FxAccountOAuth.swift */,
				1BBAC56927AE085F00DAFEF2 /* FxAccountStorage.swift */,
				1BBAC56A27AE085F00DAFEF2 /* FxAccountState.swift */,
				1BBAC56B27AE085F00DAFEF2 /* FxAccountManager.swift */,
				1BBAC56C27AE085F00DAFEF2 /* FxAccountLogging.swift */,
				1BBAC56D27AE085F00DAFEF2 /* FxAccountConfig.swift */,
				1BBAC56E27AE085F00DAFEF2 /* FxAccountMigration.swift */,
			);
			name = FxAClient;
			path = "../../../components/fxa-client/ios/FxAClient";
			sourceTree = SOURCE_ROOT;
		};
		1BBAC56327AE085F00DAFEF2 /* MZKeychain */ = {
			isa = PBXGroup;
			children = (
				1BBAC56427AE085F00DAFEF2 /* KeychainWrapper.swift */,
				1BBAC56527AE085F00DAFEF2 /* KeychainWrapperSubscript.swift */,
				1BBAC56627AE085F00DAFEF2 /* KeychainItemAccessibility.swift */,
			);
			name = MZKeychain;
			path = "../../../components/fxa-client/ios/FxAClient/MZKeychain";
			sourceTree = SOURCE_ROOT;
		};
		1BBAC58027AE099B00DAFEF2 /* Logins */ = {
			isa = PBXGroup;
			children = (
				1BF50EFA27B1DDAE00A9C8A5 /* Generated */,
				1B58D8A627AE12850075168B /* logins.udl */,
				1BBAC58527AE09C600DAFEF2 /* Logins */,
			);
			name = Logins;
			path = ../../../components/logins/ios;
			sourceTree = SOURCE_ROOT;
		};
		1BBAC58527AE09C600DAFEF2 /* Logins */ = {
			isa = PBXGroup;
			children = (
				1BBAC58627AE09C600DAFEF2 /* LoginsStorage.swift */,
			);
			name = Logins;
			path = ../../../components/logins/ios/Logins;
			sourceTree = SOURCE_ROOT;
		};
		1BBAC5A427AE0EF900DAFEF2 /* Places */ = {
			isa = PBXGroup;
			children = (
				1BF50F0527B1E06700A9C8A5 /* Generated */,
				1BBAC5AB27AE101400DAFEF2 /* places.udl */,
				1BBAC5A527AE0F2E00DAFEF2 /* Bookmark.swift */,
				1BBAC5A627AE0F2E00DAFEF2 /* HistoryMetadata.swift */,
				1BBAC5A727AE0F2E00DAFEF2 /* Places.swift */,
			);
			name = Places;
			path = ../../../../components/places/ios;
			sourceTree = "<group>";
		};
		1BBAC5AF27AE112D00DAFEF2 /* Sync15 */ = {
			isa = PBXGroup;
			children = (
				1BBAC5B127AE11AA00DAFEF2 /* ResultError.swift */,
				1BBAC5B027AE11AA00DAFEF2 /* SyncUnlockInfo.swift */,
			);
			name = Sync15;
			path = ../../../../components/sync15/ios;
			sourceTree = "<group>";
		};
		1BF50EEC27B1DBD900A9C8A5 /* Generated */ = {
			isa = PBXGroup;
			children = (
				1BF50EEE27B1DBD900A9C8A5 /* crashtestFFI.h */,
				1BF50EEF27B1DBD900A9C8A5 /* crashtest.swift */,
			);
			name = Generated;
			path = ../../../components/crashtest/ios/Generated;
			sourceTree = SOURCE_ROOT;
		};
		1BF50EF327B1DD7D00A9C8A5 /* Generated */ = {
			isa = PBXGroup;
			children = (
				1BF50EF527B1DD7D00A9C8A5 /* nimbusFFI.h */,
				1BF50EF627B1DD7D00A9C8A5 /* nimbus.swift */,
			);
			name = Generated;
			path = ../../../components/nimbus/ios/Generated;
			sourceTree = SOURCE_ROOT;
		};
		1BF50EFA27B1DDAE00A9C8A5 /* Generated */ = {
			isa = PBXGroup;
			children = (
				1BF50EFB27B1DDAE00A9C8A5 /* loginsFFI.h */,
				1BF50EFC27B1DDAE00A9C8A5 /* logins.swift */,
			);
			name = Generated;
			path = ../../../components/logins/ios/Generated;
			sourceTree = SOURCE_ROOT;
		};
		1BF50F0327B1DFC900A9C8A5 /* Glean */ = {
			isa = PBXGroup;
			children = (
				1BF50F2B27B1EB7D00A9C8A5 /* sdk_generator.sh */,
			);
			path = Glean;
			sourceTree = "<group>";
		};
		1BF50F0527B1E06700A9C8A5 /* Generated */ = {
			isa = PBXGroup;
			children = (
				1BF50F0727B1E06700A9C8A5 /* places.swift */,
				1BF50F0827B1E06700A9C8A5 /* placesFFI.h */,
			);
			name = Generated;
			path = ../../../components/places/ios/Generated;
			sourceTree = SOURCE_ROOT;
		};
		1BF50F1B27B1E1DF00A9C8A5 /* Generated */ = {
			isa = PBXGroup;
			children = (
				1BF50F1C27B1E1DF00A9C8A5 /* fxa_clientFFI.h */,
				1BF50F1D27B1E1DF00A9C8A5 /* fxa_client.swift */,
			);
			name = Generated;
			path = "../../../components/fxa-client/ios/Generated";
			sourceTree = SOURCE_ROOT;
		};
		1BFC469427C99F250034E0A5 /* Generated */ = {
			isa = PBXGroup;
			children = (
				1BFC469627C99F250034E0A5 /* Metrics.swift */,
			);
			name = Generated;
			path = MozillaTestServices/Generated;
			sourceTree = SOURCE_ROOT;
		};
/* End PBXGroup section */

/* Begin PBXNativeTarget section */
		1BBAC4F727AE049500DAFEF2 /* MozillaTestServices */ = {
			isa = PBXNativeTarget;
			buildConfigurationList = 1BBAC51C27AE049600DAFEF2 /* Build configuration list for PBXNativeTarget "MozillaTestServices" */;
			buildPhases = (
				1B3BC94A27B1D75000229CF6 /* Generate Glean Metrics */,
				1BBAC4F427AE049500DAFEF2 /* Sources */,
				1BBAC4F527AE049500DAFEF2 /* Frameworks */,
				1BBAC4F627AE049500DAFEF2 /* Resources */,
				1BF50F3227B1F33A00A9C8A5 /* Embed Frameworks */,
			);
			buildRules = (
				1B3BC94427B1D67300229CF6 /* PBXBuildRule */,
			);
			dependencies = (
			);
			name = MozillaTestServices;
			packageProductDependencies = (
				1BBAC55027AE06FD00DAFEF2 /* Glean */,
			);
			productName = MozillaTestServices;
			productReference = 1BBAC4F827AE049500DAFEF2 /* MozillaTestServices.app */;
			productType = "com.apple.product-type.application";
		};
		1BBAC50727AE049600DAFEF2 /* MozillaTestServicesTests */ = {
			isa = PBXNativeTarget;
			buildConfigurationList = 1BBAC51F27AE049600DAFEF2 /* Build configuration list for PBXNativeTarget "MozillaTestServicesTests" */;
			buildPhases = (
				1BBAC50427AE049600DAFEF2 /* Sources */,
				1BBAC50527AE049600DAFEF2 /* Frameworks */,
				1BBAC50627AE049600DAFEF2 /* Resources */,
			);
			buildRules = (
			);
			dependencies = (
				1BBAC50A27AE049600DAFEF2 /* PBXTargetDependency */,
			);
			name = MozillaTestServicesTests;
			packageProductDependencies = (
			);
			productName = MozillaTestServicesTests;
			productReference = 1BBAC50827AE049600DAFEF2 /* MozillaTestServicesTests.xctest */;
			productType = "com.apple.product-type.bundle.unit-test";
		};
/* End PBXNativeTarget section */

/* Begin PBXProject section */
		1BBAC4F027AE049500DAFEF2 /* Project object */ = {
			isa = PBXProject;
			attributes = {
				BuildIndependentTargetsInParallel = 1;
				LastSwiftUpdateCheck = 1320;
				LastUpgradeCheck = 1320;
				TargetAttributes = {
					1BBAC4F727AE049500DAFEF2 = {
						CreatedOnToolsVersion = 13.2.1;
					};
					1BBAC50727AE049600DAFEF2 = {
						CreatedOnToolsVersion = 13.2.1;
						TestTargetID = 1BBAC4F727AE049500DAFEF2;
					};
				};
			};
			buildConfigurationList = 1BBAC4F327AE049500DAFEF2 /* Build configuration list for PBXProject "MozillaTestServices" */;
			compatibilityVersion = "Xcode 13.0";
			developmentRegion = en;
			hasScannedForEncodings = 0;
			knownRegions = (
				en,
				Base,
			);
			mainGroup = 1BBAC4EF27AE049500DAFEF2;
			packageReferences = (
				1BBAC54F27AE06FD00DAFEF2 /* XCRemoteSwiftPackageReference "glean-swift" */,
			);
			productRefGroup = 1BBAC4F927AE049500DAFEF2 /* Products */;
			projectDirPath = "";
			projectRoot = "";
			targets = (
				1BBAC4F727AE049500DAFEF2 /* MozillaTestServices */,
				1BBAC50727AE049600DAFEF2 /* MozillaTestServicesTests */,
			);
		};
/* End PBXProject section */

/* Begin PBXResourcesBuildPhase section */
		1BBAC4F627AE049500DAFEF2 /* Resources */ = {
			isa = PBXResourcesBuildPhase;
			buildActionMask = 2147483647;
			files = (
			);
			runOnlyForDeploymentPostprocessing = 0;
		};
		1BBAC50627AE049600DAFEF2 /* Resources */ = {
			isa = PBXResourcesBuildPhase;
			buildActionMask = 2147483647;
			files = (
			);
			runOnlyForDeploymentPostprocessing = 0;
		};
/* End PBXResourcesBuildPhase section */

/* Begin PBXShellScriptBuildPhase section */
		1B3BC94A27B1D75000229CF6 /* Generate Glean Metrics */ = {
			isa = PBXShellScriptBuildPhase;
			buildActionMask = 2147483647;
			files = (
			);
			inputFileListPaths = (
			);
			inputPaths = (
				"$(SRCROOT)/../../../components/nimbus/metrics.yaml",
				"$(SRCROOT)/../../../components/logins/ios/metrics.yaml",
			);
			name = "Generate Glean Metrics";
			outputFileListPaths = (
			);
			outputPaths = (
				"$(SRCROOT)/MozillaTestServices/Generated/Metrics.swift",
			);
			runOnlyForDeploymentPostprocessing = 0;
			shellPath = /bin/sh;
			shellScript = "rm -rf .venv; bash $PWD/../../../components/external/glean/glean-core/ios/sdk_generator.sh -g Glean\n";
		};
/* End PBXShellScriptBuildPhase section */

/* Begin PBXSourcesBuildPhase section */
		1BBAC4F427AE049500DAFEF2 /* Sources */ = {
			isa = PBXSourcesBuildPhase;
			buildActionMask = 2147483647;
			files = (
				1BE9B60D27C9CD770029D11A /* crashtest.udl in Sources */,
				1BE9B60E27C9CD770029D11A /* nimbus.udl in Sources */,
				1BE9B60F27C9CD770029D11A /* places.udl in Sources */,
				1BE9B61027C9CD770029D11A /* logins.udl in Sources */,
				1BE9B61127C9CD770029D11A /* fxa_client.udl in Sources */,
				1BFC469827C99F250034E0A5 /* Metrics.swift in Sources */,
				1B3BC98627B1D9B800229CF6 /* FeatureVariables.swift in Sources */,
				1BBAC59C27AE0BB600DAFEF2 /* ContentView.swift in Sources */,
				1B3BC98B27B1D9B800229CF6 /* Sysctl.swift in Sources */,
				1B3BC98227B1D9B700229CF6 /* Collections+.swift in Sources */,
				1B3BC98C27B1D9B800229CF6 /* Utils.swift in Sources */,
				1BBAC4FC27AE049500DAFEF2 /* MozillaTestServicesApp.swift in Sources */,
				1B3BC98427B1D9B800229CF6 /* NimbusApi.swift in Sources */,
				1B3BC93F27B1D62800229CF6 /* Bookmark.swift in Sources */,
				1B3BC94127B1D62800229CF6 /* HistoryMetadata.swift in Sources */,
				1BF50F1827B1E18000A9C8A5 /* KeychainWrapperSubscript.swift in Sources */,
				1BF50F1327B1E17B00A9C8A5 /* FxAccountConfig.swift in Sources */,
				1B3BC94627B1D6A500229CF6 /* ResultError.swift in Sources */,
				1B3BC98327B1D9B700229CF6 /* FeatureHolder.swift in Sources */,
				1B3BC98527B1D9B800229CF6 /* GleanPlumbHelpers.swift in Sources */,
				1BF50F1427B1E17B00A9C8A5 /* PersistedFirefoxAccount.swift in Sources */,
				1BF50F1027B1E17B00A9C8A5 /* FxAccountStorage.swift in Sources */,
				1BF50F0E27B1E17B00A9C8A5 /* FxAccountLogging.swift in Sources */,
				1B3BC94D27B1D7B700229CF6 /* RustLog.swift in Sources */,
				1BF50F1627B1E18000A9C8A5 /* KeychainWrapper.swift in Sources */,
				1BF50F1227B1E17B00A9C8A5 /* FxAccountManager.swift in Sources */,
				1B3BC98D27B1D9B800229CF6 /* NimbusCreate.swift in Sources */,
				1B3BC98727B1D9B800229CF6 /* Nimbus.swift in Sources */,
				1B3BC98827B1D9B800229CF6 /* FeatureInterface.swift in Sources */,
				1B3BC98A27B1D9B800229CF6 /* Logger.swift in Sources */,
				1BF50F1127B1E17B00A9C8A5 /* FxAccountDeviceConstellation.swift in Sources */,
				1BF50F0F27B1E17B00A9C8A5 /* FxAccountOAuth.swift in Sources */,
				1BF50F0C27B1E17B00A9C8A5 /* KeychainWrapper+.swift in Sources */,
				1BF50F0D27B1E17B00A9C8A5 /* FxAccountMigration.swift in Sources */,
				1B3BC94527B1D6A500229CF6 /* SyncUnlockInfo.swift in Sources */,
				1B3BC94B27B1D79B00229CF6 /* LoginsStorage.swift in Sources */,
				1B3BC98927B1D9B800229CF6 /* Unreachable.swift in Sources */,
				1BF50F1727B1E18000A9C8A5 /* KeychainItemAccessibility.swift in Sources */,
				1B3BC94027B1D62800229CF6 /* Places.swift in Sources */,
				1BF50F1527B1E17B00A9C8A5 /* FxAccountState.swift in Sources */,
			);
			runOnlyForDeploymentPostprocessing = 0;
		};
		1BBAC50427AE049600DAFEF2 /* Sources */ = {
			isa = PBXSourcesBuildPhase;
			buildActionMask = 2147483647;
			files = (
				1BB64C7A27B1FA0400A4247F /* GleanPlumbTests.swift in Sources */,
				1B3BC95027B1D92A00229CF6 /* NimbusFeatureVariablesTests.swift in Sources */,
				1BF50F1A27B1E19800A9C8A5 /* FxAccountMocks.swift in Sources */,
				1B3BC95127B1D93100229CF6 /* CrashTestTests.swift in Sources */,
				1B3BC94727B1D73500229CF6 /* LogTest.swift in Sources */,
				1B3BC94327B1D63B00229CF6 /* PlacesTests.swift in Sources */,
				1B3BC94827B1D73700229CF6 /* LoginsTests.swift in Sources */,
				1B3BC94F27B1D92800229CF6 /* NimbusTests.swift in Sources */,
				1BF50F1927B1E19500A9C8A5 /* FxAccountManagerTests.swift in Sources */,
			);
			runOnlyForDeploymentPostprocessing = 0;
		};
/* End PBXSourcesBuildPhase section */

/* Begin PBXTargetDependency section */
		1BBAC50A27AE049600DAFEF2 /* PBXTargetDependency */ = {
			isa = PBXTargetDependency;
			target = 1BBAC4F727AE049500DAFEF2 /* MozillaTestServices */;
			targetProxy = 1BBAC50927AE049600DAFEF2 /* PBXContainerItemProxy */;
		};
/* End PBXTargetDependency section */

/* Begin XCBuildConfiguration section */
		1BBAC51A27AE049600DAFEF2 /* Debug */ = {
			isa = XCBuildConfiguration;
			buildSettings = {
				ALWAYS_SEARCH_USER_PATHS = NO;
				CLANG_ANALYZER_NONNULL = YES;
				CLANG_ANALYZER_NUMBER_OBJECT_CONVERSION = YES_AGGRESSIVE;
				CLANG_CXX_LANGUAGE_STANDARD = "gnu++17";
				CLANG_CXX_LIBRARY = "libc++";
				CLANG_ENABLE_MODULES = YES;
				CLANG_ENABLE_OBJC_ARC = YES;
				CLANG_ENABLE_OBJC_WEAK = YES;
				CLANG_WARN_BLOCK_CAPTURE_AUTORELEASING = YES;
				CLANG_WARN_BOOL_CONVERSION = YES;
				CLANG_WARN_COMMA = YES;
				CLANG_WARN_CONSTANT_CONVERSION = YES;
				CLANG_WARN_DEPRECATED_OBJC_IMPLEMENTATIONS = YES;
				CLANG_WARN_DIRECT_OBJC_ISA_USAGE = YES_ERROR;
				CLANG_WARN_DOCUMENTATION_COMMENTS = YES;
				CLANG_WARN_EMPTY_BODY = YES;
				CLANG_WARN_ENUM_CONVERSION = YES;
				CLANG_WARN_INFINITE_RECURSION = YES;
				CLANG_WARN_INT_CONVERSION = YES;
				CLANG_WARN_NON_LITERAL_NULL_CONVERSION = YES;
				CLANG_WARN_OBJC_IMPLICIT_RETAIN_SELF = YES;
				CLANG_WARN_OBJC_LITERAL_CONVERSION = YES;
				CLANG_WARN_OBJC_ROOT_CLASS = YES_ERROR;
				CLANG_WARN_QUOTED_INCLUDE_IN_FRAMEWORK_HEADER = YES;
				CLANG_WARN_RANGE_LOOP_ANALYSIS = YES;
				CLANG_WARN_STRICT_PROTOTYPES = YES;
				CLANG_WARN_SUSPICIOUS_MOVE = YES;
				CLANG_WARN_UNGUARDED_AVAILABILITY = YES_AGGRESSIVE;
				CLANG_WARN_UNREACHABLE_CODE = YES;
				CLANG_WARN__DUPLICATE_METHOD_MATCH = YES;
				COPY_PHASE_STRIP = NO;
				DEBUG_INFORMATION_FORMAT = dwarf;
				ENABLE_STRICT_OBJC_MSGSEND = YES;
				ENABLE_TESTABILITY = YES;
				"EXCLUDED_ARCHS[sdk=iphonesimulator*]" = arm64;
				GCC_C_LANGUAGE_STANDARD = gnu11;
				GCC_DYNAMIC_NO_PIC = NO;
				GCC_NO_COMMON_BLOCKS = YES;
				GCC_OPTIMIZATION_LEVEL = 0;
				GCC_PREPROCESSOR_DEFINITIONS = (
					"DEBUG=1",
					"$(inherited)",
				);
				GCC_WARN_64_TO_32_BIT_CONVERSION = YES;
				GCC_WARN_ABOUT_RETURN_TYPE = YES_ERROR;
				GCC_WARN_UNDECLARED_SELECTOR = YES;
				GCC_WARN_UNINITIALIZED_AUTOS = YES_AGGRESSIVE;
				GCC_WARN_UNUSED_FUNCTION = YES;
				GCC_WARN_UNUSED_VARIABLE = YES;
				IPHONEOS_DEPLOYMENT_TARGET = 15.2;
				MTL_ENABLE_DEBUG_INFO = INCLUDE_SOURCE;
				MTL_FAST_MATH = YES;
				ONLY_ACTIVE_ARCH = YES;
				SDKROOT = iphoneos;
				SWIFT_ACTIVE_COMPILATION_CONDITIONS = DEBUG;
				SWIFT_OPTIMIZATION_LEVEL = "-Onone";
			};
			name = Debug;
		};
		1BBAC51B27AE049600DAFEF2 /* Release */ = {
			isa = XCBuildConfiguration;
			buildSettings = {
				ALWAYS_SEARCH_USER_PATHS = NO;
				CLANG_ANALYZER_NONNULL = YES;
				CLANG_ANALYZER_NUMBER_OBJECT_CONVERSION = YES_AGGRESSIVE;
				CLANG_CXX_LANGUAGE_STANDARD = "gnu++17";
				CLANG_CXX_LIBRARY = "libc++";
				CLANG_ENABLE_MODULES = YES;
				CLANG_ENABLE_OBJC_ARC = YES;
				CLANG_ENABLE_OBJC_WEAK = YES;
				CLANG_WARN_BLOCK_CAPTURE_AUTORELEASING = YES;
				CLANG_WARN_BOOL_CONVERSION = YES;
				CLANG_WARN_COMMA = YES;
				CLANG_WARN_CONSTANT_CONVERSION = YES;
				CLANG_WARN_DEPRECATED_OBJC_IMPLEMENTATIONS = YES;
				CLANG_WARN_DIRECT_OBJC_ISA_USAGE = YES_ERROR;
				CLANG_WARN_DOCUMENTATION_COMMENTS = YES;
				CLANG_WARN_EMPTY_BODY = YES;
				CLANG_WARN_ENUM_CONVERSION = YES;
				CLANG_WARN_INFINITE_RECURSION = YES;
				CLANG_WARN_INT_CONVERSION = YES;
				CLANG_WARN_NON_LITERAL_NULL_CONVERSION = YES;
				CLANG_WARN_OBJC_IMPLICIT_RETAIN_SELF = YES;
				CLANG_WARN_OBJC_LITERAL_CONVERSION = YES;
				CLANG_WARN_OBJC_ROOT_CLASS = YES_ERROR;
				CLANG_WARN_QUOTED_INCLUDE_IN_FRAMEWORK_HEADER = YES;
				CLANG_WARN_RANGE_LOOP_ANALYSIS = YES;
				CLANG_WARN_STRICT_PROTOTYPES = YES;
				CLANG_WARN_SUSPICIOUS_MOVE = YES;
				CLANG_WARN_UNGUARDED_AVAILABILITY = YES_AGGRESSIVE;
				CLANG_WARN_UNREACHABLE_CODE = YES;
				CLANG_WARN__DUPLICATE_METHOD_MATCH = YES;
				COPY_PHASE_STRIP = NO;
				DEBUG_INFORMATION_FORMAT = "dwarf-with-dsym";
				ENABLE_NS_ASSERTIONS = NO;
				ENABLE_STRICT_OBJC_MSGSEND = YES;
				GCC_C_LANGUAGE_STANDARD = gnu11;
				GCC_NO_COMMON_BLOCKS = YES;
				GCC_WARN_64_TO_32_BIT_CONVERSION = YES;
				GCC_WARN_ABOUT_RETURN_TYPE = YES_ERROR;
				GCC_WARN_UNDECLARED_SELECTOR = YES;
				GCC_WARN_UNINITIALIZED_AUTOS = YES_AGGRESSIVE;
				GCC_WARN_UNUSED_FUNCTION = YES;
				GCC_WARN_UNUSED_VARIABLE = YES;
				IPHONEOS_DEPLOYMENT_TARGET = 15.2;
				MTL_ENABLE_DEBUG_INFO = NO;
				MTL_FAST_MATH = YES;
				SDKROOT = iphoneos;
				SWIFT_COMPILATION_MODE = wholemodule;
				SWIFT_OPTIMIZATION_LEVEL = "-O";
				VALIDATE_PRODUCT = YES;
			};
			name = Release;
		};
		1BBAC51D27AE049600DAFEF2 /* Debug */ = {
			isa = XCBuildConfiguration;
			buildSettings = {
				ASSETCATALOG_COMPILER_GLOBAL_ACCENT_COLOR_NAME = AccentColor;
				ASSETCATALOG_COMPILER_INCLUDE_ALL_APPICON_ASSETS = NO;
				CLANG_USE_OPTIMIZATION_PROFILE = NO;
				CODE_SIGN_IDENTITY = "Apple Development";
				CODE_SIGN_STYLE = Automatic;
				CURRENT_PROJECT_VERSION = 1;
				DEVELOPMENT_TEAM = "";
				ENABLE_PREVIEWS = YES;
				GENERATE_INFOPLIST_FILE = YES;
				INFOPLIST_FILE = MozillaTestServices/Info.plist;
				INFOPLIST_KEY_LSApplicationCategoryType = "";
				INFOPLIST_KEY_UIApplicationSceneManifest_Generation = YES;
				INFOPLIST_KEY_UIApplicationSupportsIndirectInputEvents = YES;
				INFOPLIST_KEY_UILaunchScreen_Generation = YES;
				INFOPLIST_KEY_UISupportedInterfaceOrientations_iPad = "UIInterfaceOrientationPortrait UIInterfaceOrientationPortraitUpsideDown UIInterfaceOrientationLandscapeLeft UIInterfaceOrientationLandscapeRight";
				INFOPLIST_KEY_UISupportedInterfaceOrientations_iPhone = "UIInterfaceOrientationPortrait UIInterfaceOrientationLandscapeLeft UIInterfaceOrientationLandscapeRight";
				LD_RUNPATH_SEARCH_PATHS = (
					"$(inherited)",
					"@executable_path/Frameworks",
				);
				MARKETING_VERSION = 1.0;
				PRODUCT_BUNDLE_IDENTIFIER = org.mozilla.MozillaTestServices;
				PRODUCT_NAME = "$(TARGET_NAME)";
				PROVISIONING_PROFILE_SPECIFIER = "";
				SWIFT_EMIT_LOC_STRINGS = YES;
				SWIFT_VERSION = 5.0;
				TARGETED_DEVICE_FAMILY = "1,2";
			};
			name = Debug;
		};
		1BBAC51E27AE049600DAFEF2 /* Release */ = {
			isa = XCBuildConfiguration;
			buildSettings = {
				ASSETCATALOG_COMPILER_GLOBAL_ACCENT_COLOR_NAME = AccentColor;
				ASSETCATALOG_COMPILER_INCLUDE_ALL_APPICON_ASSETS = NO;
				CLANG_USE_OPTIMIZATION_PROFILE = NO;
				CODE_SIGN_IDENTITY = "Apple Development";
				CODE_SIGN_STYLE = Automatic;
				CURRENT_PROJECT_VERSION = 1;
				DEVELOPMENT_TEAM = "";
				ENABLE_PREVIEWS = YES;
				GENERATE_INFOPLIST_FILE = YES;
				INFOPLIST_FILE = MozillaTestServices/Info.plist;
				INFOPLIST_KEY_LSApplicationCategoryType = "";
				INFOPLIST_KEY_UIApplicationSceneManifest_Generation = YES;
				INFOPLIST_KEY_UIApplicationSupportsIndirectInputEvents = YES;
				INFOPLIST_KEY_UILaunchScreen_Generation = YES;
				INFOPLIST_KEY_UISupportedInterfaceOrientations_iPad = "UIInterfaceOrientationPortrait UIInterfaceOrientationPortraitUpsideDown UIInterfaceOrientationLandscapeLeft UIInterfaceOrientationLandscapeRight";
				INFOPLIST_KEY_UISupportedInterfaceOrientations_iPhone = "UIInterfaceOrientationPortrait UIInterfaceOrientationLandscapeLeft UIInterfaceOrientationLandscapeRight";
				LD_RUNPATH_SEARCH_PATHS = (
					"$(inherited)",
					"@executable_path/Frameworks",
				);
				MARKETING_VERSION = 1.0;
				PRODUCT_BUNDLE_IDENTIFIER = org.mozilla.MozillaTestServices;
				PRODUCT_NAME = "$(TARGET_NAME)";
				PROVISIONING_PROFILE_SPECIFIER = "";
				SWIFT_EMIT_LOC_STRINGS = YES;
				SWIFT_VERSION = 5.0;
				TARGETED_DEVICE_FAMILY = "1,2";
			};
			name = Release;
		};
		1BBAC52027AE049600DAFEF2 /* Debug */ = {
			isa = XCBuildConfiguration;
			buildSettings = {
				ALWAYS_EMBED_SWIFT_STANDARD_LIBRARIES = YES;
				BUNDLE_LOADER = "$(TEST_HOST)";
				CODE_SIGN_STYLE = Automatic;
				CURRENT_PROJECT_VERSION = 1;
				GENERATE_INFOPLIST_FILE = YES;
				IPHONEOS_DEPLOYMENT_TARGET = 15.2;
				MARKETING_VERSION = 1.0;
				PRODUCT_BUNDLE_IDENTIFIER = com.mozilla.org.MozillaTestServicesTests;
				PRODUCT_NAME = "$(TARGET_NAME)";
				SWIFT_EMIT_LOC_STRINGS = NO;
				SWIFT_VERSION = 5.0;
				TARGETED_DEVICE_FAMILY = "1,2";
				TEST_HOST = "$(BUILT_PRODUCTS_DIR)/MozillaTestServices.app/MozillaTestServices";
			};
			name = Debug;
		};
		1BBAC52127AE049600DAFEF2 /* Release */ = {
			isa = XCBuildConfiguration;
			buildSettings = {
				ALWAYS_EMBED_SWIFT_STANDARD_LIBRARIES = YES;
				BUNDLE_LOADER = "$(TEST_HOST)";
				CODE_SIGN_STYLE = Automatic;
				CURRENT_PROJECT_VERSION = 1;
				GENERATE_INFOPLIST_FILE = YES;
				IPHONEOS_DEPLOYMENT_TARGET = 15.2;
				MARKETING_VERSION = 1.0;
				PRODUCT_BUNDLE_IDENTIFIER = com.mozilla.org.MozillaTestServicesTests;
				PRODUCT_NAME = "$(TARGET_NAME)";
				SWIFT_EMIT_LOC_STRINGS = NO;
				SWIFT_VERSION = 5.0;
				TARGETED_DEVICE_FAMILY = "1,2";
				TEST_HOST = "$(BUILT_PRODUCTS_DIR)/MozillaTestServices.app/MozillaTestServices";
			};
			name = Release;
		};
/* End XCBuildConfiguration section */

/* Begin XCConfigurationList section */
		1BBAC4F327AE049500DAFEF2 /* Build configuration list for PBXProject "MozillaTestServices" */ = {
			isa = XCConfigurationList;
			buildConfigurations = (
				1BBAC51A27AE049600DAFEF2 /* Debug */,
				1BBAC51B27AE049600DAFEF2 /* Release */,
			);
			defaultConfigurationIsVisible = 0;
			defaultConfigurationName = Debug;
		};
		1BBAC51C27AE049600DAFEF2 /* Build configuration list for PBXNativeTarget "MozillaTestServices" */ = {
			isa = XCConfigurationList;
			buildConfigurations = (
				1BBAC51D27AE049600DAFEF2 /* Debug */,
				1BBAC51E27AE049600DAFEF2 /* Release */,
			);
			defaultConfigurationIsVisible = 0;
			defaultConfigurationName = Debug;
		};
		1BBAC51F27AE049600DAFEF2 /* Build configuration list for PBXNativeTarget "MozillaTestServicesTests" */ = {
			isa = XCConfigurationList;
			buildConfigurations = (
				1BBAC52027AE049600DAFEF2 /* Debug */,
				1BBAC52127AE049600DAFEF2 /* Release */,
			);
			defaultConfigurationIsVisible = 0;
			defaultConfigurationName = Debug;
		};
/* End XCConfigurationList section */

/* Begin XCRemoteSwiftPackageReference section */
		1BBAC54F27AE06FD00DAFEF2 /* XCRemoteSwiftPackageReference "glean-swift" */ = {
			isa = XCRemoteSwiftPackageReference;
			repositoryURL = "https://github.com/mozilla/glean-swift";
			requirement = {
				kind = upToNextMajorVersion;
				minimumVersion = 50.1.2;
			};
		};
/* End XCRemoteSwiftPackageReference section */

/* Begin XCSwiftPackageProductDependency section */
		1BBAC55027AE06FD00DAFEF2 /* Glean */ = {
			isa = XCSwiftPackageProductDependency;
			package = 1BBAC54F27AE06FD00DAFEF2 /* XCRemoteSwiftPackageReference "glean-swift" */;
			productName = Glean;
		};
/* End XCSwiftPackageProductDependency section */
	};
	rootObject = 1BBAC4F027AE049500DAFEF2 /* Project object */;
}
