{
  "object": {
    "pins": [
      {
        "package": "Glean",
        "repositoryURL": "https://github.com/mozilla/glean-swift",
        "state": {
          "branch": null,
          "revision": "07b706286cf153f5e0b85f489d861a2b49c7ed2d",
          "version": "50.0.1"
        }
      }
    ]
  },
  "version": 1
}
