{
  "originHash" : "94dc6b186acfc4720adc0bbb95f712b86bc82988e2b0c0a85e65eb1ae9a4af4c",
  "pins" : [
    {
      "identity" : "glean-swift",
      "kind" : "remoteSourceControl",
      "location" : "https://github.com/mozilla/glean-swift",
      "state" : {
        "revision" : "cd7d05fccb1210b49df3e260337d1adc5573469d",
        "version" : "63.1.0"
      }
    }
  ],
  "version" : 2
}
