{
  "pins" : [
    {
      "identity" : "glean-swift",
      "kind" : "remoteSourceControl",
      "location" : "https://github.com/mozilla/glean-swift",
      "state" : {
        "revision" : "428f832d35e573e173087308c70274eed3a45db3",
        "version" : "52.4.1"
      }
    }
  ],
  "version" : 2
}
